// !$*UTF8*$!
{
	archiveVersion = 1;
	classes = {
	};
	objectVersion = 55;
	objects = {

/* Begin PBXBuildFile section */
		C41852C142E343ADA718D0D0 /* Pods_Project_v6.framework in Frameworks */ = {isa = PBXBuildFile; fileRef = 6AE1B5ED9C059135210880CF /* Pods_Project_v6.framework */; };
		FC1C09E627C3CF3F00AA24B9 /* CartVCCell.swift in Sources */ = {isa = PBXBuildFile; fileRef = FC1C09E427C3CF3F00AA24B9 /* CartVCCell.swift */; };
		FC1C09E727C3CF3F00AA24B9 /* CartVCCell.xib in Resources */ = {isa = PBXBuildFile; fileRef = FC1C09E527C3CF3F00AA24B9 /* CartVCCell.xib */; };
		FC2FD3B227CE23430068EA87 /* ImageDB+CoreDataProperties.swift in Sources */ = {isa = PBXBuildFile; fileRef = FC2FD3A827CE23430068EA87 /* ImageDB+CoreDataProperties.swift */; };
		FC2FD3B327CE23430068EA87 /* ArticleDB+CoreDataProperties.swift in Sources */ = {isa = PBXBuildFile; fileRef = FC2FD3A927CE23430068EA87 /* ArticleDB+CoreDataProperties.swift */; };
		FC2FD3B427CE23430068EA87 /* ProductDB+CoreDataClass.swift in Sources */ = {isa = PBXBuildFile; fileRef = FC2FD3AA27CE23430068EA87 /* ProductDB+CoreDataClass.swift */; };
		FC2FD3B527CE23430068EA87 /* ProductDB+CoreDataProperties.swift in Sources */ = {isa = PBXBuildFile; fileRef = FC2FD3AB27CE23430068EA87 /* ProductDB+CoreDataProperties.swift */; };
		FC2FD3B627CE23430068EA87 /* ImageDB+CoreDataClass.swift in Sources */ = {isa = PBXBuildFile; fileRef = FC2FD3AC27CE23430068EA87 /* ImageDB+CoreDataClass.swift */; };
		FC2FD3B727CE23430068EA87 /* SearchResult+CoreDataProperties.swift in Sources */ = {isa = PBXBuildFile; fileRef = FC2FD3AD27CE23430068EA87 /* SearchResult+CoreDataProperties.swift */; };
		FC2FD3B827CE23430068EA87 /* ArticleDB+CoreDataClass.swift in Sources */ = {isa = PBXBuildFile; fileRef = FC2FD3AE27CE23430068EA87 /* ArticleDB+CoreDataClass.swift */; };
		FC2FD3B927CE23430068EA87 /* ShoppingCart+CoreDataProperties.swift in Sources */ = {isa = PBXBuildFile; fileRef = FC2FD3AF27CE23430068EA87 /* ShoppingCart+CoreDataProperties.swift */; };
		FC2FD3BA27CE23430068EA87 /* SearchResult+CoreDataClass.swift in Sources */ = {isa = PBXBuildFile; fileRef = FC2FD3B027CE23430068EA87 /* SearchResult+CoreDataClass.swift */; };
		FC2FD3BB27CE23430068EA87 /* ShoppingCart+CoreDataClass.swift in Sources */ = {isa = PBXBuildFile; fileRef = FC2FD3B127CE23430068EA87 /* ShoppingCart+CoreDataClass.swift */; };
		FC2FD3D227CF48320068EA87 /* ImageCacheService.swift in Sources */ = {isa = PBXBuildFile; fileRef = FC2FD3D127CF48320068EA87 /* ImageCacheService.swift */; };
		FC2FD3D527CF49290068EA87 /* DownloadImageView.swift in Sources */ = {isa = PBXBuildFile; fileRef = FC2FD3D427CF49290068EA87 /* DownloadImageView.swift */; };
		FC381DCF27C4C39C007D3A9C /* CartVCViewModel.swift in Sources */ = {isa = PBXBuildFile; fileRef = FC381DCE27C4C39C007D3A9C /* CartVCViewModel.swift */; };
		FC42067827C7B5F300735B02 /* FooterCartVC.swift in Sources */ = {isa = PBXBuildFile; fileRef = FC42067727C7B5F300735B02 /* FooterCartVC.swift */; };
		FC42067A27C7B62300735B02 /* FooterCartVC.xib in Resources */ = {isa = PBXBuildFile; fileRef = FC42067927C7B62300735B02 /* FooterCartVC.xib */; };
		FC663F0927C675CF00E12D46 /* CartVCCellViewModel.swift in Sources */ = {isa = PBXBuildFile; fileRef = FC663F0827C675CF00E12D46 /* CartVCCellViewModel.swift */; };
		FC663F0B27C765DE00E12D46 /* NewsNetworkService.swift in Sources */ = {isa = PBXBuildFile; fileRef = FC663F0A27C765DE00E12D46 /* NewsNetworkService.swift */; };
		FC663F0D27C7665000E12D46 /* News.swift in Sources */ = {isa = PBXBuildFile; fileRef = FC663F0C27C7665000E12D46 /* News.swift */; };
		FC7A507527C2C49800FE1A0A /* SerachCell.swift in Sources */ = {isa = PBXBuildFile; fileRef = FC7A507327C2C49800FE1A0A /* SerachCell.swift */; };
		FC7A507627C2C49800FE1A0A /* SerachCell.xib in Resources */ = {isa = PBXBuildFile; fileRef = FC7A507427C2C49800FE1A0A /* SerachCell.xib */; };
		FC7A507927C2C5E700FE1A0A /* SearchVCViewModel.swift in Sources */ = {isa = PBXBuildFile; fileRef = FC7A507827C2C5E700FE1A0A /* SearchVCViewModel.swift */; };
		FC93E36427C2C31900EFC1BE /* SearchVC.swift in Sources */ = {isa = PBXBuildFile; fileRef = FC93E36227C2C31900EFC1BE /* SearchVC.swift */; };
		FC93E36527C2C31900EFC1BE /* SearchVC.xib in Resources */ = {isa = PBXBuildFile; fileRef = FC93E36327C2C31900EFC1BE /* SearchVC.xib */; };
		FCABE18A27C8DD6A0074DD07 /* SearchResultsCell.swift in Sources */ = {isa = PBXBuildFile; fileRef = FCABE18827C8DD6A0074DD07 /* SearchResultsCell.swift */; };
		FCABE18B27C8DD6A0074DD07 /* SearchResultsCell.xib in Resources */ = {isa = PBXBuildFile; fileRef = FCABE18927C8DD6A0074DD07 /* SearchResultsCell.xib */; };
		FCABE19927C908150074DD07 /* String+id.swift in Sources */ = {isa = PBXBuildFile; fileRef = FCABE19827C908150074DD07 /* String+id.swift */; };
		FCABE19C27C90B4C0074DD07 /* ArticleVC.swift in Sources */ = {isa = PBXBuildFile; fileRef = FCABE19A27C90B4C0074DD07 /* ArticleVC.swift */; };
		FCABE19D27C90B4C0074DD07 /* ArticleVC.xib in Resources */ = {isa = PBXBuildFile; fileRef = FCABE19B27C90B4C0074DD07 /* ArticleVC.xib */; };
		FCABE1A227C90BE30074DD07 /* ArticleVCCell.swift in Sources */ = {isa = PBXBuildFile; fileRef = FCABE1A027C90BE30074DD07 /* ArticleVCCell.swift */; };
		FCABE1A327C90BE30074DD07 /* ArticleVCCell.xib in Resources */ = {isa = PBXBuildFile; fileRef = FCABE1A127C90BE30074DD07 /* ArticleVCCell.xib */; };
		FCABE1A527C90CF70074DD07 /* ArticleVCViewModel.swift in Sources */ = {isa = PBXBuildFile; fileRef = FCABE1A427C90CF70074DD07 /* ArticleVCViewModel.swift */; };
		FCCF65B227CCBAC000939E71 /* response.json in Resources */ = {isa = PBXBuildFile; fileRef = FCCF65B127CCBAC000939E71 /* response.json */; };
		FCCF65B527CCC07300939E71 /* news-animation.json in Resources */ = {isa = PBXBuildFile; fileRef = FCCF65B427CCC07300939E71 /* news-animation.json */; };
		FCCF65B727CCC23500939E71 /* empty-basket.json in Resources */ = {isa = PBXBuildFile; fileRef = FCCF65B627CCC23500939E71 /* empty-basket.json */; };
		FCCF65B927CCCC7800939E71 /* AccountVCViewModel.swift in Sources */ = {isa = PBXBuildFile; fileRef = FCCF65B827CCCC7800939E71 /* AccountVCViewModel.swift */; };
		FCECFED027C77C7400DF483E /* NewsVCViewModel.swift in Sources */ = {isa = PBXBuildFile; fileRef = FCECFECF27C77C7400DF483E /* NewsVCViewModel.swift */; };
		FCECFED427C77E2A00DF483E /* NewsVCCell.swift in Sources */ = {isa = PBXBuildFile; fileRef = FCECFED227C77E2A00DF483E /* NewsVCCell.swift */; };
		FCECFED527C77E2A00DF483E /* NewsVCCell.xib in Resources */ = {isa = PBXBuildFile; fileRef = FCECFED327C77E2A00DF483E /* NewsVCCell.xib */; };
		FCF8256927BFEBB5006382E1 /* Project_v6.xcdatamodeld in Sources */ = {isa = PBXBuildFile; fileRef = FCF8256727BFEBB5006382E1 /* Project_v6.xcdatamodeld */; };
		FCF8256B27BFEBB6006382E1 /* Assets.xcassets in Resources */ = {isa = PBXBuildFile; fileRef = FCF8256A27BFEBB6006382E1 /* Assets.xcassets */; };
		FCF8256E27BFEBB6006382E1 /* LaunchScreen.storyboard in Resources */ = {isa = PBXBuildFile; fileRef = FCF8256C27BFEBB6006382E1 /* LaunchScreen.storyboard */; };
		FCF825D527BFEC5E006382E1 /* bubbles.json in Resources */ = {isa = PBXBuildFile; fileRef = FCF8257727BFEC5E006382E1 /* bubbles.json */; };
		FCF825D627BFEC5E006382E1 /* form-animation-new.json in Resources */ = {isa = PBXBuildFile; fileRef = FCF8257827BFEC5E006382E1 /* form-animation-new.json */; };
		FCF825D727BFEC5E006382E1 /* background-animation-startVC.json in Resources */ = {isa = PBXBuildFile; fileRef = FCF8257927BFEC5E006382E1 /* background-animation-startVC.json */; };
		FCF825D827BFEC5E006382E1 /* product-preloader-animation.json in Resources */ = {isa = PBXBuildFile; fileRef = FCF8257A27BFEC5E006382E1 /* product-preloader-animation.json */; };
		FCF825D927BFEC5E006382E1 /* login-animation.json in Resources */ = {isa = PBXBuildFile; fileRef = FCF8257B27BFEC5E006382E1 /* login-animation.json */; };
		FCF825DA27BFEC5E006382E1 /* form-animation.json in Resources */ = {isa = PBXBuildFile; fileRef = FCF8257C27BFEC5E006382E1 /* form-animation.json */; };
		FCF825DB27BFEC5E006382E1 /* product-preloade-r-animation.json in Resources */ = {isa = PBXBuildFile; fileRef = FCF8257D27BFEC5E006382E1 /* product-preloade-r-animation.json */; };
		FCF825DC27BFEC5E006382E1 /* AppDelegate.swift in Sources */ = {isa = PBXBuildFile; fileRef = FCF8257F27BFEC5E006382E1 /* AppDelegate.swift */; };
		FCF825DD27BFEC5E006382E1 /* SceneDelegate.swift in Sources */ = {isa = PBXBuildFile; fileRef = FCF8258027BFEC5E006382E1 /* SceneDelegate.swift */; };
		FCF825DE27BFEC5E006382E1 /* AuthVC.swift in Sources */ = {isa = PBXBuildFile; fileRef = FCF8258327BFEC5E006382E1 /* AuthVC.swift */; };
		FCF825DF27BFEC5E006382E1 /* AuthViewModel.swift in Sources */ = {isa = PBXBuildFile; fileRef = FCF8258427BFEC5E006382E1 /* AuthViewModel.swift */; };
		FCF825E027BFEC5E006382E1 /* AuthVC.xib in Resources */ = {isa = PBXBuildFile; fileRef = FCF8258527BFEC5E006382E1 /* AuthVC.xib */; };
		FCF825E127BFEC5E006382E1 /* AuthVCNavigationController.swift in Sources */ = {isa = PBXBuildFile; fileRef = FCF8258727BFEC5E006382E1 /* AuthVCNavigationController.swift */; };
		FCF825E227BFEC5E006382E1 /* AuthVCNavigationController.xib in Resources */ = {isa = PBXBuildFile; fileRef = FCF8258827BFEC5E006382E1 /* AuthVCNavigationController.xib */; };
		FCF825E327BFEC5E006382E1 /* CartVC.xib in Resources */ = {isa = PBXBuildFile; fileRef = FCF8258A27BFEC5E006382E1 /* CartVC.xib */; };
		FCF825E427BFEC5E006382E1 /* CartVC.swift in Sources */ = {isa = PBXBuildFile; fileRef = FCF8258B27BFEC5E006382E1 /* CartVC.swift */; };
		FCF825E527BFEC5E006382E1 /* NewsVC.xib in Resources */ = {isa = PBXBuildFile; fileRef = FCF8258D27BFEC5E006382E1 /* NewsVC.xib */; };
		FCF825E627BFEC5E006382E1 /* NewsVC.swift in Sources */ = {isa = PBXBuildFile; fileRef = FCF8258E27BFEC5E006382E1 /* NewsVC.swift */; };
		FCF825E727BFEC5E006382E1 /* TabBar.swift in Sources */ = {isa = PBXBuildFile; fileRef = FCF8259027BFEC5E006382E1 /* TabBar.swift */; };
		FCF825E827BFEC5E006382E1 /* TabBar.xib in Resources */ = {isa = PBXBuildFile; fileRef = FCF8259127BFEC5E006382E1 /* TabBar.xib */; };
		FCF825E927BFEC5E006382E1 /* AccountVC.xib in Resources */ = {isa = PBXBuildFile; fileRef = FCF8259327BFEC5E006382E1 /* AccountVC.xib */; };
		FCF825EA27BFEC5E006382E1 /* AccountVC.swift in Sources */ = {isa = PBXBuildFile; fileRef = FCF8259427BFEC5E006382E1 /* AccountVC.swift */; };
		FCF825EB27BFEC5E006382E1 /* StartVC.swift in Sources */ = {isa = PBXBuildFile; fileRef = FCF8259627BFEC5E006382E1 /* StartVC.swift */; };
		FCF825EC27BFEC5E006382E1 /* StartVC.xib in Resources */ = {isa = PBXBuildFile; fileRef = FCF8259727BFEC5E006382E1 /* StartVC.xib */; };
		FCF825ED27BFEC5E006382E1 /* ProductVC.xib in Resources */ = {isa = PBXBuildFile; fileRef = FCF8259A27BFEC5E006382E1 /* ProductVC.xib */; };
		FCF825EE27BFEC5E006382E1 /* ProductVCCell.xib in Resources */ = {isa = PBXBuildFile; fileRef = FCF8259C27BFEC5E006382E1 /* ProductVCCell.xib */; };
		FCF825EF27BFEC5E006382E1 /* ProductVCCell.swift in Sources */ = {isa = PBXBuildFile; fileRef = FCF8259D27BFEC5E006382E1 /* ProductVCCell.swift */; };
		FCF825F027BFEC5E006382E1 /* ProductVCCellViewModel.swift in Sources */ = {isa = PBXBuildFile; fileRef = FCF8259E27BFEC5E006382E1 /* ProductVCCellViewModel.swift */; };
		FCF825F127BFEC5E006382E1 /* ImageCollectionCell.swift in Sources */ = {isa = PBXBuildFile; fileRef = FCF825A027BFEC5E006382E1 /* ImageCollectionCell.swift */; };
		FCF825F227BFEC5E006382E1 /* ImageCollectionCell.xib in Resources */ = {isa = PBXBuildFile; fileRef = FCF825A127BFEC5E006382E1 /* ImageCollectionCell.xib */; };
		FCF825F327BFEC5E006382E1 /* ProductVCViewModel.swift in Sources */ = {isa = PBXBuildFile; fileRef = FCF825A227BFEC5E006382E1 /* ProductVCViewModel.swift */; };
		FCF825F427BFEC5E006382E1 /* ProductVC.swift in Sources */ = {isa = PBXBuildFile; fileRef = FCF825A327BFEC5E006382E1 /* ProductVC.swift */; };
		FCF825F527BFEC5E006382E1 /* MainShopViewModel.swift in Sources */ = {isa = PBXBuildFile; fileRef = FCF825A427BFEC5E006382E1 /* MainShopViewModel.swift */; };
		FCF825F627BFEC5E006382E1 /* SliderViewCell.swift in Sources */ = {isa = PBXBuildFile; fileRef = FCF825A627BFEC5E006382E1 /* SliderViewCell.swift */; };
		FCF825F727BFEC5E006382E1 /* SliderViewCell.xib in Resources */ = {isa = PBXBuildFile; fileRef = FCF825A727BFEC5E006382E1 /* SliderViewCell.xib */; };
		FCF825F827BFEC5E006382E1 /* MainShopVC.swift in Sources */ = {isa = PBXBuildFile; fileRef = FCF825A827BFEC5E006382E1 /* MainShopVC.swift */; };
		FCF825F927BFEC5E006382E1 /* ProductsTableViewCell.xib in Resources */ = {isa = PBXBuildFile; fileRef = FCF825AA27BFEC5E006382E1 /* ProductsTableViewCell.xib */; };
		FCF825FA27BFEC5E006382E1 /* ProductsTableViewCell.swift in Sources */ = {isa = PBXBuildFile; fileRef = FCF825AB27BFEC5E006382E1 /* ProductsTableViewCell.swift */; };
		FCF825FB27BFEC5E006382E1 /* ProductsTableViewCellViewModel.swift in Sources */ = {isa = PBXBuildFile; fileRef = FCF825AC27BFEC5E006382E1 /* ProductsTableViewCellViewModel.swift */; };
		FCF825FC27BFEC5E006382E1 /* ProductsCollectionViewCell.xib in Resources */ = {isa = PBXBuildFile; fileRef = FCF825AE27BFEC5E006382E1 /* ProductsCollectionViewCell.xib */; };
		FCF825FD27BFEC5E006382E1 /* ProductsCollectionViewCell.swift in Sources */ = {isa = PBXBuildFile; fileRef = FCF825AF27BFEC5E006382E1 /* ProductsCollectionViewCell.swift */; };
		FCF825FE27BFEC5E006382E1 /* MainShopVC.xib in Resources */ = {isa = PBXBuildFile; fileRef = FCF825B027BFEC5E006382E1 /* MainShopVC.xib */; };
		FCF8260027BFEC5E006382E1 /* VC+loadFromNib.swift in Sources */ = {isa = PBXBuildFile; fileRef = FCF825B327BFEC5E006382E1 /* VC+loadFromNib.swift */; };
		FCF8260127BFEC5E006382E1 /* UIImageView+LoadFromURL.swift in Sources */ = {isa = PBXBuildFile; fileRef = FCF825B427BFEC5E006382E1 /* UIImageView+LoadFromURL.swift */; };
		FCF8260227BFEC5E006382E1 /* UIViewController+HideKeyboardOnTouchOutside.swift in Sources */ = {isa = PBXBuildFile; fileRef = FCF825B527BFEC5E006382E1 /* UIViewController+HideKeyboardOnTouchOutside.swift */; };
		FCF8260327BFEC5E006382E1 /* UIButton+RoundCorners.swift in Sources */ = {isa = PBXBuildFile; fileRef = FCF825B627BFEC5E006382E1 /* UIButton+RoundCorners.swift */; };
		FCF8260427BFEC5E006382E1 /* UICollection, UITable + regiterCell.swift in Sources */ = {isa = PBXBuildFile; fileRef = FCF825B727BFEC5E006382E1 /* UICollection, UITable + regiterCell.swift */; };
		FCF8260527BFEC5E006382E1 /* GoogleService-Info.plist in Resources */ = {isa = PBXBuildFile; fileRef = FCF825B827BFEC5E006382E1 /* GoogleService-Info.plist */; };
		FCF8260627BFEC5E006382E1 /* Gilroy-UltraLightItalic.ttf in Resources */ = {isa = PBXBuildFile; fileRef = FCF825BA27BFEC5E006382E1 /* Gilroy-UltraLightItalic.ttf */; };
		FCF8260727BFEC5E006382E1 /* Gilroy-Medium.ttf in Resources */ = {isa = PBXBuildFile; fileRef = FCF825BB27BFEC5E006382E1 /* Gilroy-Medium.ttf */; };
		FCF8260827BFEC5E006382E1 /* Gilroy-LightItalic.ttf in Resources */ = {isa = PBXBuildFile; fileRef = FCF825BC27BFEC5E006382E1 /* Gilroy-LightItalic.ttf */; };
		FCF8260927BFEC5E006382E1 /* Gilroy-ThinItalic.ttf in Resources */ = {isa = PBXBuildFile; fileRef = FCF825BD27BFEC5E006382E1 /* Gilroy-ThinItalic.ttf */; };
		FCF8260A27BFEC5E006382E1 /* Gilroy-HeavyItalic.ttf in Resources */ = {isa = PBXBuildFile; fileRef = FCF825BE27BFEC5E006382E1 /* Gilroy-HeavyItalic.ttf */; };
		FCF8260B27BFEC5E006382E1 /* Gilroy-BoldItalic.ttf in Resources */ = {isa = PBXBuildFile; fileRef = FCF825BF27BFEC5E006382E1 /* Gilroy-BoldItalic.ttf */; };
		FCF8260C27BFEC5E006382E1 /* Gilroy-SemiboldItalic.ttf in Resources */ = {isa = PBXBuildFile; fileRef = FCF825C027BFEC5E006382E1 /* Gilroy-SemiboldItalic.ttf */; };
		FCF8260D27BFEC5E006382E1 /* Gilroy-RegularItalic.ttf in Resources */ = {isa = PBXBuildFile; fileRef = FCF825C127BFEC5E006382E1 /* Gilroy-RegularItalic.ttf */; };
		FCF8260E27BFEC5E006382E1 /* Gilroy-BlackItalic.ttf in Resources */ = {isa = PBXBuildFile; fileRef = FCF825C227BFEC5E006382E1 /* Gilroy-BlackItalic.ttf */; };
		FCF8260F27BFEC5E006382E1 /* Gilroy-Regular.ttf in Resources */ = {isa = PBXBuildFile; fileRef = FCF825C327BFEC5E006382E1 /* Gilroy-Regular.ttf */; };
		FCF8261027BFEC5E006382E1 /* Gilroy-UltraLight.ttf in Resources */ = {isa = PBXBuildFile; fileRef = FCF825C427BFEC5E006382E1 /* Gilroy-UltraLight.ttf */; };
		FCF8261127BFEC5E006382E1 /* Gilroy-Black.ttf in Resources */ = {isa = PBXBuildFile; fileRef = FCF825C527BFEC5E006382E1 /* Gilroy-Black.ttf */; };
		FCF8261227BFEC5E006382E1 /* Gilroy-Extrabold.ttf in Resources */ = {isa = PBXBuildFile; fileRef = FCF825C627BFEC5E006382E1 /* Gilroy-Extrabold.ttf */; };
		FCF8261327BFEC5E006382E1 /* Gilroy-MediumItalic.ttf in Resources */ = {isa = PBXBuildFile; fileRef = FCF825C727BFEC5E006382E1 /* Gilroy-MediumItalic.ttf */; };
		FCF8261427BFEC5E006382E1 /* Gilroy-Light.ttf in Resources */ = {isa = PBXBuildFile; fileRef = FCF825C827BFEC5E006382E1 /* Gilroy-Light.ttf */; };
		FCF8261527BFEC5E006382E1 /* Gilroy-Thin.ttf in Resources */ = {isa = PBXBuildFile; fileRef = FCF825C927BFEC5E006382E1 /* Gilroy-Thin.ttf */; };
		FCF8261627BFEC5E006382E1 /* Gilroy-ExtraboldItalic.ttf in Resources */ = {isa = PBXBuildFile; fileRef = FCF825CA27BFEC5E006382E1 /* Gilroy-ExtraboldItalic.ttf */; };
		FCF8261727BFEC5E006382E1 /* Gilroy-Semibold.ttf in Resources */ = {isa = PBXBuildFile; fileRef = FCF825CB27BFEC5E006382E1 /* Gilroy-Semibold.ttf */; };
		FCF8261827BFEC5E006382E1 /* Gilroy-Bold.ttf in Resources */ = {isa = PBXBuildFile; fileRef = FCF825CC27BFEC5E006382E1 /* Gilroy-Bold.ttf */; };
		FCF8261927BFEC5E006382E1 /* Gilroy-Heavy.ttf in Resources */ = {isa = PBXBuildFile; fileRef = FCF825CD27BFEC5E006382E1 /* Gilroy-Heavy.ttf */; };
		FCF8261A27BFEC5E006382E1 /* CoreDataService.swift in Sources */ = {isa = PBXBuildFile; fileRef = FCF825CF27BFEC5E006382E1 /* CoreDataService.swift */; };
		FCF8261B27BFEC5E006382E1 /* ProductsNetworkService.swift in Sources */ = {isa = PBXBuildFile; fileRef = FCF825D027BFEC5E006382E1 /* ProductsNetworkService.swift */; };
		FCF8261C27BFEC5E006382E1 /* FileManagerService.swift in Sources */ = {isa = PBXBuildFile; fileRef = FCF825D127BFEC5E006382E1 /* FileManagerService.swift */; };
		FCF8261D27BFEC5F006382E1 /* Validator.swift in Sources */ = {isa = PBXBuildFile; fileRef = FCF825D227BFEC5E006382E1 /* Validator.swift */; };
		FCF8261E27BFEC5F006382E1 /* Product.swift in Sources */ = {isa = PBXBuildFile; fileRef = FCF825D327BFEC5E006382E1 /* Product.swift */; };
/* End PBXBuildFile section */

/* Begin PBXFileReference section */
		0961F88D184AC57FC9D63D5E /* Pods-Project_v6.debug.xcconfig */ = {isa = PBXFileReference; includeInIndex = 1; lastKnownFileType = text.xcconfig; name = "Pods-Project_v6.debug.xcconfig"; path = "Target Support Files/Pods-Project_v6/Pods-Project_v6.debug.xcconfig"; sourceTree = "<group>"; };
		6AE1B5ED9C059135210880CF /* Pods_Project_v6.framework */ = {isa = PBXFileReference; explicitFileType = wrapper.framework; includeInIndex = 0; path = Pods_Project_v6.framework; sourceTree = BUILT_PRODUCTS_DIR; };
		798825AAEBD2E1F5BA964B6B /* Pods-Project_v6.release.xcconfig */ = {isa = PBXFileReference; includeInIndex = 1; lastKnownFileType = text.xcconfig; name = "Pods-Project_v6.release.xcconfig"; path = "Target Support Files/Pods-Project_v6/Pods-Project_v6.release.xcconfig"; sourceTree = "<group>"; };
		FC1C09E427C3CF3F00AA24B9 /* CartVCCell.swift */ = {isa = PBXFileReference; lastKnownFileType = sourcecode.swift; path = CartVCCell.swift; sourceTree = "<group>"; };
		FC1C09E527C3CF3F00AA24B9 /* CartVCCell.xib */ = {isa = PBXFileReference; lastKnownFileType = file.xib; path = CartVCCell.xib; sourceTree = "<group>"; };
		FC2FD3A827CE23430068EA87 /* ImageDB+CoreDataProperties.swift */ = {isa = PBXFileReference; fileEncoding = 4; lastKnownFileType = sourcecode.swift; path = "ImageDB+CoreDataProperties.swift"; sourceTree = "<group>"; };
		FC2FD3A927CE23430068EA87 /* ArticleDB+CoreDataProperties.swift */ = {isa = PBXFileReference; fileEncoding = 4; lastKnownFileType = sourcecode.swift; path = "ArticleDB+CoreDataProperties.swift"; sourceTree = "<group>"; };
		FC2FD3AA27CE23430068EA87 /* ProductDB+CoreDataClass.swift */ = {isa = PBXFileReference; fileEncoding = 4; lastKnownFileType = sourcecode.swift; path = "ProductDB+CoreDataClass.swift"; sourceTree = "<group>"; };
		FC2FD3AB27CE23430068EA87 /* ProductDB+CoreDataProperties.swift */ = {isa = PBXFileReference; fileEncoding = 4; lastKnownFileType = sourcecode.swift; path = "ProductDB+CoreDataProperties.swift"; sourceTree = "<group>"; };
		FC2FD3AC27CE23430068EA87 /* ImageDB+CoreDataClass.swift */ = {isa = PBXFileReference; fileEncoding = 4; lastKnownFileType = sourcecode.swift; path = "ImageDB+CoreDataClass.swift"; sourceTree = "<group>"; };
		FC2FD3AD27CE23430068EA87 /* SearchResult+CoreDataProperties.swift */ = {isa = PBXFileReference; fileEncoding = 4; lastKnownFileType = sourcecode.swift; path = "SearchResult+CoreDataProperties.swift"; sourceTree = "<group>"; };
		FC2FD3AE27CE23430068EA87 /* ArticleDB+CoreDataClass.swift */ = {isa = PBXFileReference; fileEncoding = 4; lastKnownFileType = sourcecode.swift; path = "ArticleDB+CoreDataClass.swift"; sourceTree = "<group>"; };
		FC2FD3AF27CE23430068EA87 /* ShoppingCart+CoreDataProperties.swift */ = {isa = PBXFileReference; fileEncoding = 4; lastKnownFileType = sourcecode.swift; path = "ShoppingCart+CoreDataProperties.swift"; sourceTree = "<group>"; };
		FC2FD3B027CE23430068EA87 /* SearchResult+CoreDataClass.swift */ = {isa = PBXFileReference; fileEncoding = 4; lastKnownFileType = sourcecode.swift; path = "SearchResult+CoreDataClass.swift"; sourceTree = "<group>"; };
		FC2FD3B127CE23430068EA87 /* ShoppingCart+CoreDataClass.swift */ = {isa = PBXFileReference; fileEncoding = 4; lastKnownFileType = sourcecode.swift; path = "ShoppingCart+CoreDataClass.swift"; sourceTree = "<group>"; };
		FC2FD3D127CF48320068EA87 /* ImageCacheService.swift */ = {isa = PBXFileReference; lastKnownFileType = sourcecode.swift; path = ImageCacheService.swift; sourceTree = "<group>"; };
		FC2FD3D427CF49290068EA87 /* DownloadImageView.swift */ = {isa = PBXFileReference; lastKnownFileType = sourcecode.swift; path = DownloadImageView.swift; sourceTree = "<group>"; };
		FC381DCE27C4C39C007D3A9C /* CartVCViewModel.swift */ = {isa = PBXFileReference; lastKnownFileType = sourcecode.swift; path = CartVCViewModel.swift; sourceTree = "<group>"; };
		FC42067727C7B5F300735B02 /* FooterCartVC.swift */ = {isa = PBXFileReference; lastKnownFileType = sourcecode.swift; path = FooterCartVC.swift; sourceTree = "<group>"; };
		FC42067927C7B62300735B02 /* FooterCartVC.xib */ = {isa = PBXFileReference; lastKnownFileType = file.xib; path = FooterCartVC.xib; sourceTree = "<group>"; };
		FC663F0827C675CF00E12D46 /* CartVCCellViewModel.swift */ = {isa = PBXFileReference; lastKnownFileType = sourcecode.swift; path = CartVCCellViewModel.swift; sourceTree = "<group>"; };
		FC663F0A27C765DE00E12D46 /* NewsNetworkService.swift */ = {isa = PBXFileReference; lastKnownFileType = sourcecode.swift; path = NewsNetworkService.swift; sourceTree = "<group>"; };
		FC663F0C27C7665000E12D46 /* News.swift */ = {isa = PBXFileReference; lastKnownFileType = sourcecode.swift; path = News.swift; sourceTree = "<group>"; };
		FC7A507327C2C49800FE1A0A /* SerachCell.swift */ = {isa = PBXFileReference; lastKnownFileType = sourcecode.swift; path = SerachCell.swift; sourceTree = "<group>"; };
		FC7A507427C2C49800FE1A0A /* SerachCell.xib */ = {isa = PBXFileReference; lastKnownFileType = file.xib; path = SerachCell.xib; sourceTree = "<group>"; };
		FC7A507827C2C5E700FE1A0A /* SearchVCViewModel.swift */ = {isa = PBXFileReference; lastKnownFileType = sourcecode.swift; path = SearchVCViewModel.swift; sourceTree = "<group>"; };
		FC93E36227C2C31900EFC1BE /* SearchVC.swift */ = {isa = PBXFileReference; lastKnownFileType = sourcecode.swift; path = SearchVC.swift; sourceTree = "<group>"; };
		FC93E36327C2C31900EFC1BE /* SearchVC.xib */ = {isa = PBXFileReference; lastKnownFileType = file.xib; path = SearchVC.xib; sourceTree = "<group>"; };
		FCABE18827C8DD6A0074DD07 /* SearchResultsCell.swift */ = {isa = PBXFileReference; lastKnownFileType = sourcecode.swift; path = SearchResultsCell.swift; sourceTree = "<group>"; };
		FCABE18927C8DD6A0074DD07 /* SearchResultsCell.xib */ = {isa = PBXFileReference; lastKnownFileType = file.xib; path = SearchResultsCell.xib; sourceTree = "<group>"; };
		FCABE19827C908150074DD07 /* String+id.swift */ = {isa = PBXFileReference; lastKnownFileType = sourcecode.swift; path = "String+id.swift"; sourceTree = "<group>"; };
		FCABE19A27C90B4C0074DD07 /* ArticleVC.swift */ = {isa = PBXFileReference; lastKnownFileType = sourcecode.swift; path = ArticleVC.swift; sourceTree = "<group>"; };
		FCABE19B27C90B4C0074DD07 /* ArticleVC.xib */ = {isa = PBXFileReference; lastKnownFileType = file.xib; path = ArticleVC.xib; sourceTree = "<group>"; };
		FCABE1A027C90BE30074DD07 /* ArticleVCCell.swift */ = {isa = PBXFileReference; lastKnownFileType = sourcecode.swift; path = ArticleVCCell.swift; sourceTree = "<group>"; };
		FCABE1A127C90BE30074DD07 /* ArticleVCCell.xib */ = {isa = PBXFileReference; lastKnownFileType = file.xib; path = ArticleVCCell.xib; sourceTree = "<group>"; };
		FCABE1A427C90CF70074DD07 /* ArticleVCViewModel.swift */ = {isa = PBXFileReference; lastKnownFileType = sourcecode.swift; path = ArticleVCViewModel.swift; sourceTree = "<group>"; };
		FCCF65B127CCBAC000939E71 /* response.json */ = {isa = PBXFileReference; fileEncoding = 4; lastKnownFileType = text.json; path = response.json; sourceTree = "<group>"; };
		FCCF65B427CCC07300939E71 /* news-animation.json */ = {isa = PBXFileReference; fileEncoding = 4; lastKnownFileType = text.json; path = "news-animation.json"; sourceTree = "<group>"; };
		FCCF65B627CCC23500939E71 /* empty-basket.json */ = {isa = PBXFileReference; fileEncoding = 4; lastKnownFileType = text.json; path = "empty-basket.json"; sourceTree = "<group>"; };
		FCCF65B827CCCC7800939E71 /* AccountVCViewModel.swift */ = {isa = PBXFileReference; lastKnownFileType = sourcecode.swift; path = AccountVCViewModel.swift; sourceTree = "<group>"; };
		FCECFECF27C77C7400DF483E /* NewsVCViewModel.swift */ = {isa = PBXFileReference; lastKnownFileType = sourcecode.swift; path = NewsVCViewModel.swift; sourceTree = "<group>"; };
		FCECFED227C77E2A00DF483E /* NewsVCCell.swift */ = {isa = PBXFileReference; lastKnownFileType = sourcecode.swift; path = NewsVCCell.swift; sourceTree = "<group>"; };
		FCECFED327C77E2A00DF483E /* NewsVCCell.xib */ = {isa = PBXFileReference; lastKnownFileType = file.xib; path = NewsVCCell.xib; sourceTree = "<group>"; };
		FCF8255B27BFEBB5006382E1 /* Project_v6.app */ = {isa = PBXFileReference; explicitFileType = wrapper.application; includeInIndex = 0; path = Project_v6.app; sourceTree = BUILT_PRODUCTS_DIR; };
		FCF8256827BFEBB5006382E1 /* Project_v6.xcdatamodel */ = {isa = PBXFileReference; lastKnownFileType = wrapper.xcdatamodel; path = Project_v6.xcdatamodel; sourceTree = "<group>"; };
		FCF8256A27BFEBB6006382E1 /* Assets.xcassets */ = {isa = PBXFileReference; lastKnownFileType = folder.assetcatalog; path = Assets.xcassets; sourceTree = "<group>"; };
		FCF8256D27BFEBB6006382E1 /* Base */ = {isa = PBXFileReference; lastKnownFileType = file.storyboard; name = Base; path = Base.lproj/LaunchScreen.storyboard; sourceTree = "<group>"; };
		FCF8256F27BFEBB6006382E1 /* Info.plist */ = {isa = PBXFileReference; lastKnownFileType = text.plist.xml; path = Info.plist; sourceTree = "<group>"; };
		FCF8257727BFEC5E006382E1 /* bubbles.json */ = {isa = PBXFileReference; fileEncoding = 4; lastKnownFileType = text.json; path = bubbles.json; sourceTree = "<group>"; };
		FCF8257827BFEC5E006382E1 /* form-animation-new.json */ = {isa = PBXFileReference; fileEncoding = 4; lastKnownFileType = text.json; path = "form-animation-new.json"; sourceTree = "<group>"; };
		FCF8257927BFEC5E006382E1 /* background-animation-startVC.json */ = {isa = PBXFileReference; fileEncoding = 4; lastKnownFileType = text.json; path = "background-animation-startVC.json"; sourceTree = "<group>"; };
		FCF8257A27BFEC5E006382E1 /* product-preloader-animation.json */ = {isa = PBXFileReference; fileEncoding = 4; lastKnownFileType = text.json; path = "product-preloader-animation.json"; sourceTree = "<group>"; };
		FCF8257B27BFEC5E006382E1 /* login-animation.json */ = {isa = PBXFileReference; fileEncoding = 4; lastKnownFileType = text.json; path = "login-animation.json"; sourceTree = "<group>"; };
		FCF8257C27BFEC5E006382E1 /* form-animation.json */ = {isa = PBXFileReference; fileEncoding = 4; lastKnownFileType = text.json; path = "form-animation.json"; sourceTree = "<group>"; };
		FCF8257D27BFEC5E006382E1 /* product-preloade-r-animation.json */ = {isa = PBXFileReference; fileEncoding = 4; lastKnownFileType = text.json; path = "product-preloade-r-animation.json"; sourceTree = "<group>"; };
		FCF8257F27BFEC5E006382E1 /* AppDelegate.swift */ = {isa = PBXFileReference; fileEncoding = 4; lastKnownFileType = sourcecode.swift; path = AppDelegate.swift; sourceTree = "<group>"; };
		FCF8258027BFEC5E006382E1 /* SceneDelegate.swift */ = {isa = PBXFileReference; fileEncoding = 4; lastKnownFileType = sourcecode.swift; path = SceneDelegate.swift; sourceTree = "<group>"; };
		FCF8258327BFEC5E006382E1 /* AuthVC.swift */ = {isa = PBXFileReference; fileEncoding = 4; lastKnownFileType = sourcecode.swift; path = AuthVC.swift; sourceTree = "<group>"; };
		FCF8258427BFEC5E006382E1 /* AuthViewModel.swift */ = {isa = PBXFileReference; fileEncoding = 4; lastKnownFileType = sourcecode.swift; path = AuthViewModel.swift; sourceTree = "<group>"; };
		FCF8258527BFEC5E006382E1 /* AuthVC.xib */ = {isa = PBXFileReference; fileEncoding = 4; lastKnownFileType = file.xib; path = AuthVC.xib; sourceTree = "<group>"; };
		FCF8258727BFEC5E006382E1 /* AuthVCNavigationController.swift */ = {isa = PBXFileReference; fileEncoding = 4; lastKnownFileType = sourcecode.swift; path = AuthVCNavigationController.swift; sourceTree = "<group>"; };
		FCF8258827BFEC5E006382E1 /* AuthVCNavigationController.xib */ = {isa = PBXFileReference; fileEncoding = 4; lastKnownFileType = file.xib; path = AuthVCNavigationController.xib; sourceTree = "<group>"; };
		FCF8258A27BFEC5E006382E1 /* CartVC.xib */ = {isa = PBXFileReference; fileEncoding = 4; lastKnownFileType = file.xib; path = CartVC.xib; sourceTree = "<group>"; };
		FCF8258B27BFEC5E006382E1 /* CartVC.swift */ = {isa = PBXFileReference; fileEncoding = 4; lastKnownFileType = sourcecode.swift; path = CartVC.swift; sourceTree = "<group>"; };
		FCF8258D27BFEC5E006382E1 /* NewsVC.xib */ = {isa = PBXFileReference; fileEncoding = 4; lastKnownFileType = file.xib; path = NewsVC.xib; sourceTree = "<group>"; };
		FCF8258E27BFEC5E006382E1 /* NewsVC.swift */ = {isa = PBXFileReference; fileEncoding = 4; lastKnownFileType = sourcecode.swift; path = NewsVC.swift; sourceTree = "<group>"; };
		FCF8259027BFEC5E006382E1 /* TabBar.swift */ = {isa = PBXFileReference; fileEncoding = 4; lastKnownFileType = sourcecode.swift; path = TabBar.swift; sourceTree = "<group>"; };
		FCF8259127BFEC5E006382E1 /* TabBar.xib */ = {isa = PBXFileReference; fileEncoding = 4; lastKnownFileType = file.xib; path = TabBar.xib; sourceTree = "<group>"; };
		FCF8259327BFEC5E006382E1 /* AccountVC.xib */ = {isa = PBXFileReference; fileEncoding = 4; lastKnownFileType = file.xib; path = AccountVC.xib; sourceTree = "<group>"; };
		FCF8259427BFEC5E006382E1 /* AccountVC.swift */ = {isa = PBXFileReference; fileEncoding = 4; lastKnownFileType = sourcecode.swift; path = AccountVC.swift; sourceTree = "<group>"; };
		FCF8259627BFEC5E006382E1 /* StartVC.swift */ = {isa = PBXFileReference; fileEncoding = 4; lastKnownFileType = sourcecode.swift; path = StartVC.swift; sourceTree = "<group>"; };
		FCF8259727BFEC5E006382E1 /* StartVC.xib */ = {isa = PBXFileReference; fileEncoding = 4; lastKnownFileType = file.xib; path = StartVC.xib; sourceTree = "<group>"; };
		FCF8259A27BFEC5E006382E1 /* ProductVC.xib */ = {isa = PBXFileReference; fileEncoding = 4; lastKnownFileType = file.xib; path = ProductVC.xib; sourceTree = "<group>"; };
		FCF8259C27BFEC5E006382E1 /* ProductVCCell.xib */ = {isa = PBXFileReference; fileEncoding = 4; lastKnownFileType = file.xib; path = ProductVCCell.xib; sourceTree = "<group>"; };
		FCF8259D27BFEC5E006382E1 /* ProductVCCell.swift */ = {isa = PBXFileReference; fileEncoding = 4; lastKnownFileType = sourcecode.swift; path = ProductVCCell.swift; sourceTree = "<group>"; };
		FCF8259E27BFEC5E006382E1 /* ProductVCCellViewModel.swift */ = {isa = PBXFileReference; fileEncoding = 4; lastKnownFileType = sourcecode.swift; path = ProductVCCellViewModel.swift; sourceTree = "<group>"; };
		FCF825A027BFEC5E006382E1 /* ImageCollectionCell.swift */ = {isa = PBXFileReference; fileEncoding = 4; lastKnownFileType = sourcecode.swift; path = ImageCollectionCell.swift; sourceTree = "<group>"; };
		FCF825A127BFEC5E006382E1 /* ImageCollectionCell.xib */ = {isa = PBXFileReference; fileEncoding = 4; lastKnownFileType = file.xib; path = ImageCollectionCell.xib; sourceTree = "<group>"; };
		FCF825A227BFEC5E006382E1 /* ProductVCViewModel.swift */ = {isa = PBXFileReference; fileEncoding = 4; lastKnownFileType = sourcecode.swift; path = ProductVCViewModel.swift; sourceTree = "<group>"; };
		FCF825A327BFEC5E006382E1 /* ProductVC.swift */ = {isa = PBXFileReference; fileEncoding = 4; lastKnownFileType = sourcecode.swift; path = ProductVC.swift; sourceTree = "<group>"; };
		FCF825A427BFEC5E006382E1 /* MainShopViewModel.swift */ = {isa = PBXFileReference; fileEncoding = 4; lastKnownFileType = sourcecode.swift; path = MainShopViewModel.swift; sourceTree = "<group>"; };
		FCF825A627BFEC5E006382E1 /* SliderViewCell.swift */ = {isa = PBXFileReference; fileEncoding = 4; lastKnownFileType = sourcecode.swift; path = SliderViewCell.swift; sourceTree = "<group>"; };
		FCF825A727BFEC5E006382E1 /* SliderViewCell.xib */ = {isa = PBXFileReference; fileEncoding = 4; lastKnownFileType = file.xib; path = SliderViewCell.xib; sourceTree = "<group>"; };
		FCF825A827BFEC5E006382E1 /* MainShopVC.swift */ = {isa = PBXFileReference; fileEncoding = 4; lastKnownFileType = sourcecode.swift; path = MainShopVC.swift; sourceTree = "<group>"; };
		FCF825AA27BFEC5E006382E1 /* ProductsTableViewCell.xib */ = {isa = PBXFileReference; fileEncoding = 4; lastKnownFileType = file.xib; path = ProductsTableViewCell.xib; sourceTree = "<group>"; };
		FCF825AB27BFEC5E006382E1 /* ProductsTableViewCell.swift */ = {isa = PBXFileReference; fileEncoding = 4; lastKnownFileType = sourcecode.swift; path = ProductsTableViewCell.swift; sourceTree = "<group>"; };
		FCF825AC27BFEC5E006382E1 /* ProductsTableViewCellViewModel.swift */ = {isa = PBXFileReference; fileEncoding = 4; lastKnownFileType = sourcecode.swift; path = ProductsTableViewCellViewModel.swift; sourceTree = "<group>"; };
		FCF825AE27BFEC5E006382E1 /* ProductsCollectionViewCell.xib */ = {isa = PBXFileReference; fileEncoding = 4; lastKnownFileType = file.xib; path = ProductsCollectionViewCell.xib; sourceTree = "<group>"; };
		FCF825AF27BFEC5E006382E1 /* ProductsCollectionViewCell.swift */ = {isa = PBXFileReference; fileEncoding = 4; lastKnownFileType = sourcecode.swift; path = ProductsCollectionViewCell.swift; sourceTree = "<group>"; };
		FCF825B027BFEC5E006382E1 /* MainShopVC.xib */ = {isa = PBXFileReference; fileEncoding = 4; lastKnownFileType = file.xib; path = MainShopVC.xib; sourceTree = "<group>"; };
		FCF825B327BFEC5E006382E1 /* VC+loadFromNib.swift */ = {isa = PBXFileReference; fileEncoding = 4; lastKnownFileType = sourcecode.swift; path = "VC+loadFromNib.swift"; sourceTree = "<group>"; };
		FCF825B427BFEC5E006382E1 /* UIImageView+LoadFromURL.swift */ = {isa = PBXFileReference; fileEncoding = 4; lastKnownFileType = sourcecode.swift; path = "UIImageView+LoadFromURL.swift"; sourceTree = "<group>"; };
		FCF825B527BFEC5E006382E1 /* UIViewController+HideKeyboardOnTouchOutside.swift */ = {isa = PBXFileReference; fileEncoding = 4; lastKnownFileType = sourcecode.swift; path = "UIViewController+HideKeyboardOnTouchOutside.swift"; sourceTree = "<group>"; };
		FCF825B627BFEC5E006382E1 /* UIButton+RoundCorners.swift */ = {isa = PBXFileReference; fileEncoding = 4; lastKnownFileType = sourcecode.swift; path = "UIButton+RoundCorners.swift"; sourceTree = "<group>"; };
		FCF825B727BFEC5E006382E1 /* UICollection, UITable + regiterCell.swift */ = {isa = PBXFileReference; fileEncoding = 4; lastKnownFileType = sourcecode.swift; path = "UICollection, UITable + regiterCell.swift"; sourceTree = "<group>"; };
		FCF825B827BFEC5E006382E1 /* GoogleService-Info.plist */ = {isa = PBXFileReference; fileEncoding = 4; lastKnownFileType = text.plist.xml; path = "GoogleService-Info.plist"; sourceTree = "<group>"; };
		FCF825BA27BFEC5E006382E1 /* Gilroy-UltraLightItalic.ttf */ = {isa = PBXFileReference; lastKnownFileType = file; path = "Gilroy-UltraLightItalic.ttf"; sourceTree = "<group>"; };
		FCF825BB27BFEC5E006382E1 /* Gilroy-Medium.ttf */ = {isa = PBXFileReference; lastKnownFileType = file; path = "Gilroy-Medium.ttf"; sourceTree = "<group>"; };
		FCF825BC27BFEC5E006382E1 /* Gilroy-LightItalic.ttf */ = {isa = PBXFileReference; lastKnownFileType = file; path = "Gilroy-LightItalic.ttf"; sourceTree = "<group>"; };
		FCF825BD27BFEC5E006382E1 /* Gilroy-ThinItalic.ttf */ = {isa = PBXFileReference; lastKnownFileType = file; path = "Gilroy-ThinItalic.ttf"; sourceTree = "<group>"; };
		FCF825BE27BFEC5E006382E1 /* Gilroy-HeavyItalic.ttf */ = {isa = PBXFileReference; lastKnownFileType = file; path = "Gilroy-HeavyItalic.ttf"; sourceTree = "<group>"; };
		FCF825BF27BFEC5E006382E1 /* Gilroy-BoldItalic.ttf */ = {isa = PBXFileReference; lastKnownFileType = file; path = "Gilroy-BoldItalic.ttf"; sourceTree = "<group>"; };
		FCF825C027BFEC5E006382E1 /* Gilroy-SemiboldItalic.ttf */ = {isa = PBXFileReference; lastKnownFileType = file; path = "Gilroy-SemiboldItalic.ttf"; sourceTree = "<group>"; };
		FCF825C127BFEC5E006382E1 /* Gilroy-RegularItalic.ttf */ = {isa = PBXFileReference; lastKnownFileType = file; path = "Gilroy-RegularItalic.ttf"; sourceTree = "<group>"; };
		FCF825C227BFEC5E006382E1 /* Gilroy-BlackItalic.ttf */ = {isa = PBXFileReference; lastKnownFileType = file; path = "Gilroy-BlackItalic.ttf"; sourceTree = "<group>"; };
		FCF825C327BFEC5E006382E1 /* Gilroy-Regular.ttf */ = {isa = PBXFileReference; lastKnownFileType = file; path = "Gilroy-Regular.ttf"; sourceTree = "<group>"; };
		FCF825C427BFEC5E006382E1 /* Gilroy-UltraLight.ttf */ = {isa = PBXFileReference; lastKnownFileType = file; path = "Gilroy-UltraLight.ttf"; sourceTree = "<group>"; };
		FCF825C527BFEC5E006382E1 /* Gilroy-Black.ttf */ = {isa = PBXFileReference; lastKnownFileType = file; path = "Gilroy-Black.ttf"; sourceTree = "<group>"; };
		FCF825C627BFEC5E006382E1 /* Gilroy-Extrabold.ttf */ = {isa = PBXFileReference; lastKnownFileType = file; path = "Gilroy-Extrabold.ttf"; sourceTree = "<group>"; };
		FCF825C727BFEC5E006382E1 /* Gilroy-MediumItalic.ttf */ = {isa = PBXFileReference; lastKnownFileType = file; path = "Gilroy-MediumItalic.ttf"; sourceTree = "<group>"; };
		FCF825C827BFEC5E006382E1 /* Gilroy-Light.ttf */ = {isa = PBXFileReference; lastKnownFileType = file; path = "Gilroy-Light.ttf"; sourceTree = "<group>"; };
		FCF825C927BFEC5E006382E1 /* Gilroy-Thin.ttf */ = {isa = PBXFileReference; lastKnownFileType = file; path = "Gilroy-Thin.ttf"; sourceTree = "<group>"; };
		FCF825CA27BFEC5E006382E1 /* Gilroy-ExtraboldItalic.ttf */ = {isa = PBXFileReference; lastKnownFileType = file; path = "Gilroy-ExtraboldItalic.ttf"; sourceTree = "<group>"; };
		FCF825CB27BFEC5E006382E1 /* Gilroy-Semibold.ttf */ = {isa = PBXFileReference; lastKnownFileType = file; path = "Gilroy-Semibold.ttf"; sourceTree = "<group>"; };
		FCF825CC27BFEC5E006382E1 /* Gilroy-Bold.ttf */ = {isa = PBXFileReference; lastKnownFileType = file; path = "Gilroy-Bold.ttf"; sourceTree = "<group>"; };
		FCF825CD27BFEC5E006382E1 /* Gilroy-Heavy.ttf */ = {isa = PBXFileReference; lastKnownFileType = file; path = "Gilroy-Heavy.ttf"; sourceTree = "<group>"; };
		FCF825CF27BFEC5E006382E1 /* CoreDataService.swift */ = {isa = PBXFileReference; fileEncoding = 4; lastKnownFileType = sourcecode.swift; path = CoreDataService.swift; sourceTree = "<group>"; };
		FCF825D027BFEC5E006382E1 /* ProductsNetworkService.swift */ = {isa = PBXFileReference; fileEncoding = 4; lastKnownFileType = sourcecode.swift; path = ProductsNetworkService.swift; sourceTree = "<group>"; };
		FCF825D127BFEC5E006382E1 /* FileManagerService.swift */ = {isa = PBXFileReference; fileEncoding = 4; lastKnownFileType = sourcecode.swift; path = FileManagerService.swift; sourceTree = "<group>"; };
		FCF825D227BFEC5E006382E1 /* Validator.swift */ = {isa = PBXFileReference; fileEncoding = 4; lastKnownFileType = sourcecode.swift; path = Validator.swift; sourceTree = "<group>"; };
		FCF825D327BFEC5E006382E1 /* Product.swift */ = {isa = PBXFileReference; fileEncoding = 4; lastKnownFileType = sourcecode.swift; path = Product.swift; sourceTree = "<group>"; };
/* End PBXFileReference section */

/* Begin PBXFrameworksBuildPhase section */
		FCF8255827BFEBB5006382E1 /* Frameworks */ = {
			isa = PBXFrameworksBuildPhase;
			buildActionMask = 2147483647;
			files = (
				C41852C142E343ADA718D0D0 /* Pods_Project_v6.framework in Frameworks */,
			);
			runOnlyForDeploymentPostprocessing = 0;
		};
/* End PBXFrameworksBuildPhase section */

/* Begin PBXGroup section */
		1471D99F38E5369237EF7C6C /* Pods */ = {
			isa = PBXGroup;
			children = (
				0961F88D184AC57FC9D63D5E /* Pods-Project_v6.debug.xcconfig */,
				798825AAEBD2E1F5BA964B6B /* Pods-Project_v6.release.xcconfig */,
			);
			path = Pods;
			sourceTree = "<group>";
		};
		2DAA4E364E1A13C9E0732625 /* Frameworks */ = {
			isa = PBXGroup;
			children = (
				6AE1B5ED9C059135210880CF /* Pods_Project_v6.framework */,
			);
			name = Frameworks;
			sourceTree = "<group>";
		};
		FC1C09E827C3CF4300AA24B9 /* Cell */ = {
			isa = PBXGroup;
			children = (
				FC1C09E427C3CF3F00AA24B9 /* CartVCCell.swift */,
				FC663F0827C675CF00E12D46 /* CartVCCellViewModel.swift */,
				FC1C09E527C3CF3F00AA24B9 /* CartVCCell.xib */,
			);
			path = Cell;
			sourceTree = "<group>";
		};
		FC2FD3D327CF49160068EA87 /* CustomView */ = {
			isa = PBXGroup;
			children = (
				FC2FD3D427CF49290068EA87 /* DownloadImageView.swift */,
			);
			path = CustomView;
			sourceTree = "<group>";
		};
		FC36B46A27C251900066F27D /* DB */ = {
			isa = PBXGroup;
			children = (
				FC2FD3AE27CE23430068EA87 /* ArticleDB+CoreDataClass.swift */,
				FC2FD3A927CE23430068EA87 /* ArticleDB+CoreDataProperties.swift */,
				FC2FD3AC27CE23430068EA87 /* ImageDB+CoreDataClass.swift */,
				FC2FD3A827CE23430068EA87 /* ImageDB+CoreDataProperties.swift */,
				FC2FD3AA27CE23430068EA87 /* ProductDB+CoreDataClass.swift */,
				FC2FD3AB27CE23430068EA87 /* ProductDB+CoreDataProperties.swift */,
				FC2FD3B027CE23430068EA87 /* SearchResult+CoreDataClass.swift */,
				FC2FD3AD27CE23430068EA87 /* SearchResult+CoreDataProperties.swift */,
				FC2FD3B127CE23430068EA87 /* ShoppingCart+CoreDataClass.swift */,
				FC2FD3AF27CE23430068EA87 /* ShoppingCart+CoreDataProperties.swift */,
			);
			path = DB;
			sourceTree = "<group>";
		};
		FC42067627C7B5BB00735B02 /* Footer */ = {
			isa = PBXGroup;
			children = (
				FC42067727C7B5F300735B02 /* FooterCartVC.swift */,
				FC42067927C7B62300735B02 /* FooterCartVC.xib */,
			);
			path = Footer;
			sourceTree = "<group>";
		};
		FC663F0E27C7674E00E12D46 /* Network */ = {
			isa = PBXGroup;
			children = (
				FCF825D027BFEC5E006382E1 /* ProductsNetworkService.swift */,
				FC2FD3D127CF48320068EA87 /* ImageCacheService.swift */,
				FC663F0A27C765DE00E12D46 /* NewsNetworkService.swift */,
			);
			path = Network;
			sourceTree = "<group>";
		};
		FC663F0F27C7675400E12D46 /* CoreData */ = {
			isa = PBXGroup;
			children = (
				FCF825CF27BFEC5E006382E1 /* CoreDataService.swift */,
			);
			path = CoreData;
			sourceTree = "<group>";
		};
		FC663F1027C7678300E12D46 /* Models and Services */ = {
			isa = PBXGroup;
			children = (
				FC2FD3D327CF49160068EA87 /* CustomView */,
				FC663F1127C767A200E12D46 /* FileManager */,
				FC663F0F27C7675400E12D46 /* CoreData */,
				FC663F0E27C7674E00E12D46 /* Network */,
				FCF825CE27BFEC5E006382E1 /* Models */,
			);
			path = "Models and Services";
			sourceTree = "<group>";
		};
		FC663F1127C767A200E12D46 /* FileManager */ = {
			isa = PBXGroup;
			children = (
				FCF825D127BFEC5E006382E1 /* FileManagerService.swift */,
			);
			path = FileManager;
			sourceTree = "<group>";
		};
		FC7A507727C2C4BF00FE1A0A /* SearchVCCell */ = {
			isa = PBXGroup;
			children = (
				FC7A507327C2C49800FE1A0A /* SerachCell.swift */,
				FC7A507427C2C49800FE1A0A /* SerachCell.xib */,
			);
			path = SearchVCCell;
			sourceTree = "<group>";
		};
		FC93E36627C2C39700EFC1BE /* SerachVC */ = {
			isa = PBXGroup;
			children = (
				FC93E36227C2C31900EFC1BE /* SearchVC.swift */,
				FC7A507827C2C5E700FE1A0A /* SearchVCViewModel.swift */,
				FC93E36327C2C31900EFC1BE /* SearchVC.xib */,
				FC7A507727C2C4BF00FE1A0A /* SearchVCCell */,
			);
			path = SerachVC;
			sourceTree = "<group>";
		};
		FCABE18727C8DD3E0074DD07 /* SearchResultsTable */ = {
			isa = PBXGroup;
			children = (
				FCABE18827C8DD6A0074DD07 /* SearchResultsCell.swift */,
				FCABE18927C8DD6A0074DD07 /* SearchResultsCell.xib */,
			);
			path = SearchResultsTable;
			sourceTree = "<group>";
		};
		FCABE19E27C90B550074DD07 /* ArticleVC */ = {
			isa = PBXGroup;
			children = (
				FCABE19A27C90B4C0074DD07 /* ArticleVC.swift */,
				FCABE1A427C90CF70074DD07 /* ArticleVCViewModel.swift */,
				FCABE19B27C90B4C0074DD07 /* ArticleVC.xib */,
				FCABE19F27C90BBF0074DD07 /* Cell */,
			);
			path = ArticleVC;
			sourceTree = "<group>";
		};
		FCABE19F27C90BBF0074DD07 /* Cell */ = {
			isa = PBXGroup;
			children = (
				FCABE1A027C90BE30074DD07 /* ArticleVCCell.swift */,
				FCABE1A127C90BE30074DD07 /* ArticleVCCell.xib */,
			);
			path = Cell;
			sourceTree = "<group>";
		};
		FCCF65B327CCBACE00939E71 /* Local JSON */ = {
			isa = PBXGroup;
			children = (
				FCCF65B127CCBAC000939E71 /* response.json */,
			);
			path = "Local JSON";
			sourceTree = "<group>";
		};
		FCECFED127C77DF600DF483E /* Cell */ = {
			isa = PBXGroup;
			children = (
				FCECFED227C77E2A00DF483E /* NewsVCCell.swift */,
				FCECFED327C77E2A00DF483E /* NewsVCCell.xib */,
			);
			path = Cell;
			sourceTree = "<group>";
		};
		FCF8255227BFEBB5006382E1 = {
			isa = PBXGroup;
			children = (
				FCF8255D27BFEBB5006382E1 /* Project_v6 */,
				FCF8255C27BFEBB5006382E1 /* Products */,
				1471D99F38E5369237EF7C6C /* Pods */,
				2DAA4E364E1A13C9E0732625 /* Frameworks */,
			);
			sourceTree = "<group>";
		};
		FCF8255C27BFEBB5006382E1 /* Products */ = {
			isa = PBXGroup;
			children = (
				FCF8255B27BFEBB5006382E1 /* Project_v6.app */,
			);
			name = Products;
			sourceTree = "<group>";
		};
		FCF8255D27BFEBB5006382E1 /* Project_v6 */ = {
			isa = PBXGroup;
			children = (
				FC36B46A27C251900066F27D /* DB */,
				FCCF65B327CCBACE00939E71 /* Local JSON */,
				FCF8257E27BFEC5E006382E1 /* App */,
				FCF825B927BFEC5E006382E1 /* Fonts */,
				FCF825B827BFEC5E006382E1 /* GoogleService-Info.plist */,
				FCF825B227BFEC5E006382E1 /* Helpers */,
				FCF8257527BFEC5E006382E1 /* Media */,
				FC663F1027C7678300E12D46 /* Models and Services */,
				FCF8258127BFEC5E006382E1 /* VC's */,
				FCF8256A27BFEBB6006382E1 /* Assets.xcassets */,
				FCF8256C27BFEBB6006382E1 /* LaunchScreen.storyboard */,
				FCF8256F27BFEBB6006382E1 /* Info.plist */,
				FCF8256727BFEBB5006382E1 /* Project_v6.xcdatamodeld */,
			);
			path = Project_v6;
			sourceTree = "<group>";
		};
		FCF8257527BFEC5E006382E1 /* Media */ = {
			isa = PBXGroup;
			children = (
				FCF8257627BFEC5E006382E1 /* Lottie-Animations */,
			);
			path = Media;
			sourceTree = "<group>";
		};
		FCF8257627BFEC5E006382E1 /* Lottie-Animations */ = {
			isa = PBXGroup;
			children = (
				FCCF65B627CCC23500939E71 /* empty-basket.json */,
				FCF8257727BFEC5E006382E1 /* bubbles.json */,
				FCF8257827BFEC5E006382E1 /* form-animation-new.json */,
				FCF8257927BFEC5E006382E1 /* background-animation-startVC.json */,
				FCF8257A27BFEC5E006382E1 /* product-preloader-animation.json */,
				FCCF65B427CCC07300939E71 /* news-animation.json */,
				FCF8257B27BFEC5E006382E1 /* login-animation.json */,
				FCF8257C27BFEC5E006382E1 /* form-animation.json */,
				FCF8257D27BFEC5E006382E1 /* product-preloade-r-animation.json */,
			);
			path = "Lottie-Animations";
			sourceTree = "<group>";
		};
		FCF8257E27BFEC5E006382E1 /* App */ = {
			isa = PBXGroup;
			children = (
				FCF8257F27BFEC5E006382E1 /* AppDelegate.swift */,
				FCF8258027BFEC5E006382E1 /* SceneDelegate.swift */,
			);
			path = App;
			sourceTree = "<group>";
		};
		FCF8258127BFEC5E006382E1 /* VC's */ = {
			isa = PBXGroup;
			children = (
				FCF8258227BFEC5E006382E1 /* AuthVC */,
				FCF8258927BFEC5E006382E1 /* CartVC */,
				FCF8258C27BFEC5E006382E1 /* NewsVC */,
				FCF8258F27BFEC5E006382E1 /* TabBar */,
				FCF8259227BFEC5E006382E1 /* AccountVC */,
				FCF8259527BFEC5E006382E1 /* StartVC */,
				FCF8259827BFEC5E006382E1 /* MainShopVC */,
			);
			path = "VC's";
			sourceTree = "<group>";
		};
		FCF8258227BFEC5E006382E1 /* AuthVC */ = {
			isa = PBXGroup;
			children = (
				FCF8258327BFEC5E006382E1 /* AuthVC.swift */,
				FCF8258427BFEC5E006382E1 /* AuthViewModel.swift */,
				FCF8258527BFEC5E006382E1 /* AuthVC.xib */,
				FCF8258627BFEC5E006382E1 /* AuthVCNavigation */,
			);
			path = AuthVC;
			sourceTree = "<group>";
		};
		FCF8258627BFEC5E006382E1 /* AuthVCNavigation */ = {
			isa = PBXGroup;
			children = (
				FCF8258727BFEC5E006382E1 /* AuthVCNavigationController.swift */,
				FCF8258827BFEC5E006382E1 /* AuthVCNavigationController.xib */,
			);
			path = AuthVCNavigation;
			sourceTree = "<group>";
		};
		FCF8258927BFEC5E006382E1 /* CartVC */ = {
			isa = PBXGroup;
			children = (
				FC42067627C7B5BB00735B02 /* Footer */,
				FC1C09E827C3CF4300AA24B9 /* Cell */,
				FCF8258A27BFEC5E006382E1 /* CartVC.xib */,
				FCF8258B27BFEC5E006382E1 /* CartVC.swift */,
				FC381DCE27C4C39C007D3A9C /* CartVCViewModel.swift */,
			);
			path = CartVC;
			sourceTree = "<group>";
		};
		FCF8258C27BFEC5E006382E1 /* NewsVC */ = {
			isa = PBXGroup;
			children = (
				FCECFED127C77DF600DF483E /* Cell */,
				FCF8258D27BFEC5E006382E1 /* NewsVC.xib */,
				FCF8258E27BFEC5E006382E1 /* NewsVC.swift */,
				FCECFECF27C77C7400DF483E /* NewsVCViewModel.swift */,
				FCABE19E27C90B550074DD07 /* ArticleVC */,
			);
			path = NewsVC;
			sourceTree = "<group>";
		};
		FCF8258F27BFEC5E006382E1 /* TabBar */ = {
			isa = PBXGroup;
			children = (
				FCF8259027BFEC5E006382E1 /* TabBar.swift */,
				FCF8259127BFEC5E006382E1 /* TabBar.xib */,
			);
			path = TabBar;
			sourceTree = "<group>";
		};
		FCF8259227BFEC5E006382E1 /* AccountVC */ = {
			isa = PBXGroup;
			children = (
				FCF8259327BFEC5E006382E1 /* AccountVC.xib */,
				FCF8259427BFEC5E006382E1 /* AccountVC.swift */,
				FCCF65B827CCCC7800939E71 /* AccountVCViewModel.swift */,
			);
			path = AccountVC;
			sourceTree = "<group>";
		};
		FCF8259527BFEC5E006382E1 /* StartVC */ = {
			isa = PBXGroup;
			children = (
				FCF8259627BFEC5E006382E1 /* StartVC.swift */,
				FCF8259727BFEC5E006382E1 /* StartVC.xib */,
			);
			path = StartVC;
			sourceTree = "<group>";
		};
		FCF8259827BFEC5E006382E1 /* MainShopVC */ = {
			isa = PBXGroup;
			children = (
				FCABE18727C8DD3E0074DD07 /* SearchResultsTable */,
				FCF8259927BFEC5E006382E1 /* ProducVC */,
				FCF825A427BFEC5E006382E1 /* MainShopViewModel.swift */,
				FCF825A827BFEC5E006382E1 /* MainShopVC.swift */,
				FCF825B027BFEC5E006382E1 /* MainShopVC.xib */,
				FCF825A927BFEC5E006382E1 /* ProductsTable */,
				FC93E36627C2C39700EFC1BE /* SerachVC */,
			);
			path = MainShopVC;
			sourceTree = "<group>";
		};
		FCF8259927BFEC5E006382E1 /* ProducVC */ = {
			isa = PBXGroup;
			children = (
				FCF825A527BFEC5E006382E1 /* Slider */,
				FCF8259F27BFEC5E006382E1 /* HeaderImageCollection */,
				FCF8259B27BFEC5E006382E1 /* Cell */,
				FCF825A227BFEC5E006382E1 /* ProductVCViewModel.swift */,
				FCF825A327BFEC5E006382E1 /* ProductVC.swift */,
				FCF8259A27BFEC5E006382E1 /* ProductVC.xib */,
			);
			path = ProducVC;
			sourceTree = "<group>";
		};
		FCF8259B27BFEC5E006382E1 /* Cell */ = {
			isa = PBXGroup;
			children = (
				FCF8259C27BFEC5E006382E1 /* ProductVCCell.xib */,
				FCF8259D27BFEC5E006382E1 /* ProductVCCell.swift */,
				FCF8259E27BFEC5E006382E1 /* ProductVCCellViewModel.swift */,
			);
			path = Cell;
			sourceTree = "<group>";
		};
		FCF8259F27BFEC5E006382E1 /* HeaderImageCollection */ = {
			isa = PBXGroup;
			children = (
				FCF825A027BFEC5E006382E1 /* ImageCollectionCell.swift */,
				FCF825A127BFEC5E006382E1 /* ImageCollectionCell.xib */,
			);
			path = HeaderImageCollection;
			sourceTree = "<group>";
		};
		FCF825A527BFEC5E006382E1 /* Slider */ = {
			isa = PBXGroup;
			children = (
				FCF825A627BFEC5E006382E1 /* SliderViewCell.swift */,
				FCF825A727BFEC5E006382E1 /* SliderViewCell.xib */,
			);
			path = Slider;
			sourceTree = "<group>";
		};
		FCF825A927BFEC5E006382E1 /* ProductsTable */ = {
			isa = PBXGroup;
			children = (
				FCF825AA27BFEC5E006382E1 /* ProductsTableViewCell.xib */,
				FCF825AB27BFEC5E006382E1 /* ProductsTableViewCell.swift */,
				FCF825AC27BFEC5E006382E1 /* ProductsTableViewCellViewModel.swift */,
				FCF825AD27BFEC5E006382E1 /* ProductsCollection */,
			);
			path = ProductsTable;
			sourceTree = "<group>";
		};
		FCF825AD27BFEC5E006382E1 /* ProductsCollection */ = {
			isa = PBXGroup;
			children = (
				FCF825AE27BFEC5E006382E1 /* ProductsCollectionViewCell.xib */,
				FCF825AF27BFEC5E006382E1 /* ProductsCollectionViewCell.swift */,
			);
			path = ProductsCollection;
			sourceTree = "<group>";
		};
		FCF825B227BFEC5E006382E1 /* Helpers */ = {
			isa = PBXGroup;
			children = (
				FCF825B327BFEC5E006382E1 /* VC+loadFromNib.swift */,
				FCABE19827C908150074DD07 /* String+id.swift */,
				FCF825B427BFEC5E006382E1 /* UIImageView+LoadFromURL.swift */,
				FCF825B527BFEC5E006382E1 /* UIViewController+HideKeyboardOnTouchOutside.swift */,
				FCF825B627BFEC5E006382E1 /* UIButton+RoundCorners.swift */,
				FCF825B727BFEC5E006382E1 /* UICollection, UITable + regiterCell.swift */,
			);
			path = Helpers;
			sourceTree = "<group>";
		};
		FCF825B927BFEC5E006382E1 /* Fonts */ = {
			isa = PBXGroup;
			children = (
				FCF825BA27BFEC5E006382E1 /* Gilroy-UltraLightItalic.ttf */,
				FCF825BB27BFEC5E006382E1 /* Gilroy-Medium.ttf */,
				FCF825BC27BFEC5E006382E1 /* Gilroy-LightItalic.ttf */,
				FCF825BD27BFEC5E006382E1 /* Gilroy-ThinItalic.ttf */,
				FCF825BE27BFEC5E006382E1 /* Gilroy-HeavyItalic.ttf */,
				FCF825BF27BFEC5E006382E1 /* Gilroy-BoldItalic.ttf */,
				FCF825C027BFEC5E006382E1 /* Gilroy-SemiboldItalic.ttf */,
				FCF825C127BFEC5E006382E1 /* Gilroy-RegularItalic.ttf */,
				FCF825C227BFEC5E006382E1 /* Gilroy-BlackItalic.ttf */,
				FCF825C327BFEC5E006382E1 /* Gilroy-Regular.ttf */,
				FCF825C427BFEC5E006382E1 /* Gilroy-UltraLight.ttf */,
				FCF825C527BFEC5E006382E1 /* Gilroy-Black.ttf */,
				FCF825C627BFEC5E006382E1 /* Gilroy-Extrabold.ttf */,
				FCF825C727BFEC5E006382E1 /* Gilroy-MediumItalic.ttf */,
				FCF825C827BFEC5E006382E1 /* Gilroy-Light.ttf */,
				FCF825C927BFEC5E006382E1 /* Gilroy-Thin.ttf */,
				FCF825CA27BFEC5E006382E1 /* Gilroy-ExtraboldItalic.ttf */,
				FCF825CB27BFEC5E006382E1 /* Gilroy-Semibold.ttf */,
				FCF825CC27BFEC5E006382E1 /* Gilroy-Bold.ttf */,
				FCF825CD27BFEC5E006382E1 /* Gilroy-Heavy.ttf */,
			);
			path = Fonts;
			sourceTree = "<group>";
		};
		FCF825CE27BFEC5E006382E1 /* Models */ = {
			isa = PBXGroup;
			children = (
				FCF825D227BFEC5E006382E1 /* Validator.swift */,
				FCF825D327BFEC5E006382E1 /* Product.swift */,
				FC663F0C27C7665000E12D46 /* News.swift */,
			);
			path = Models;
			sourceTree = "<group>";
		};
/* End PBXGroup section */

/* Begin PBXNativeTarget section */
		FCF8255A27BFEBB5006382E1 /* Project_v6 */ = {
			isa = PBXNativeTarget;
			buildConfigurationList = FCF8257227BFEBB6006382E1 /* Build configuration list for PBXNativeTarget "Project_v6" */;
			buildPhases = (
				7A17CF366A50A8529ACF7B91 /* [CP] Check Pods Manifest.lock */,
				FCF8255727BFEBB5006382E1 /* Sources */,
				FCF8255827BFEBB5006382E1 /* Frameworks */,
				FCF8255927BFEBB5006382E1 /* Resources */,
				D36AB8C2E4BF47D32764D531 /* [CP] Embed Pods Frameworks */,
			);
			buildRules = (
			);
			dependencies = (
			);
			name = Project_v6;
			productName = Project_v6;
			productReference = FCF8255B27BFEBB5006382E1 /* Project_v6.app */;
			productType = "com.apple.product-type.application";
		};
/* End PBXNativeTarget section */

/* Begin PBXProject section */
		FCF8255327BFEBB5006382E1 /* Project object */ = {
			isa = PBXProject;
			attributes = {
				BuildIndependentTargetsInParallel = 1;
				LastSwiftUpdateCheck = 1320;
				LastUpgradeCheck = 1320;
				TargetAttributes = {
					FCF8255A27BFEBB5006382E1 = {
						CreatedOnToolsVersion = 13.2.1;
					};
				};
			};
			buildConfigurationList = FCF8255627BFEBB5006382E1 /* Build configuration list for PBXProject "Project_v6" */;
			compatibilityVersion = "Xcode 13.0";
			developmentRegion = en;
			hasScannedForEncodings = 0;
			knownRegions = (
				en,
				Base,
			);
			mainGroup = FCF8255227BFEBB5006382E1;
			productRefGroup = FCF8255C27BFEBB5006382E1 /* Products */;
			projectDirPath = "";
			projectRoot = "";
			targets = (
				FCF8255A27BFEBB5006382E1 /* Project_v6 */,
			);
		};
/* End PBXProject section */

/* Begin PBXResourcesBuildPhase section */
		FCF8255927BFEBB5006382E1 /* Resources */ = {
			isa = PBXResourcesBuildPhase;
			buildActionMask = 2147483647;
			files = (
				FCF8261227BFEC5E006382E1 /* Gilroy-Extrabold.ttf in Resources */,
				FCF8256E27BFEBB6006382E1 /* LaunchScreen.storyboard in Resources */,
				FCF8260727BFEC5E006382E1 /* Gilroy-Medium.ttf in Resources */,
				FCF8261627BFEC5E006382E1 /* Gilroy-ExtraboldItalic.ttf in Resources */,
				FC93E36527C2C31900EFC1BE /* SearchVC.xib in Resources */,
				FCF8261527BFEC5E006382E1 /* Gilroy-Thin.ttf in Resources */,
				FCF8256B27BFEBB6006382E1 /* Assets.xcassets in Resources */,
				FCF825D927BFEC5E006382E1 /* login-animation.json in Resources */,
				FCF8261327BFEC5E006382E1 /* Gilroy-MediumItalic.ttf in Resources */,
				FCF825EC27BFEC5E006382E1 /* StartVC.xib in Resources */,
				FCF8260927BFEC5E006382E1 /* Gilroy-ThinItalic.ttf in Resources */,
				FCCF65B727CCC23500939E71 /* empty-basket.json in Resources */,
				FCF825DA27BFEC5E006382E1 /* form-animation.json in Resources */,
				FC1C09E727C3CF3F00AA24B9 /* CartVCCell.xib in Resources */,
				FCF825E927BFEC5E006382E1 /* AccountVC.xib in Resources */,
				FCF8261827BFEC5E006382E1 /* Gilroy-Bold.ttf in Resources */,
				FCF8261427BFEC5E006382E1 /* Gilroy-Light.ttf in Resources */,
				FCF825E527BFEC5E006382E1 /* NewsVC.xib in Resources */,
				FC7A507627C2C49800FE1A0A /* SerachCell.xib in Resources */,
				FCF825D727BFEC5E006382E1 /* background-animation-startVC.json in Resources */,
				FCCF65B527CCC07300939E71 /* news-animation.json in Resources */,
				FCF825FC27BFEC5E006382E1 /* ProductsCollectionViewCell.xib in Resources */,
				FCF8260C27BFEC5E006382E1 /* Gilroy-SemiboldItalic.ttf in Resources */,
				FCF8260B27BFEC5E006382E1 /* Gilroy-BoldItalic.ttf in Resources */,
				FC42067A27C7B62300735B02 /* FooterCartVC.xib in Resources */,
				FCF825D627BFEC5E006382E1 /* form-animation-new.json in Resources */,
				FCF8261027BFEC5E006382E1 /* Gilroy-UltraLight.ttf in Resources */,
				FCF825E227BFEC5E006382E1 /* AuthVCNavigationController.xib in Resources */,
				FCF8261127BFEC5E006382E1 /* Gilroy-Black.ttf in Resources */,
				FCF8260627BFEC5E006382E1 /* Gilroy-UltraLightItalic.ttf in Resources */,
				FCF8260827BFEC5E006382E1 /* Gilroy-LightItalic.ttf in Resources */,
				FCF825E827BFEC5E006382E1 /* TabBar.xib in Resources */,
				FCF8260F27BFEC5E006382E1 /* Gilroy-Regular.ttf in Resources */,
				FCF8261927BFEC5E006382E1 /* Gilroy-Heavy.ttf in Resources */,
				FCF8260D27BFEC5E006382E1 /* Gilroy-RegularItalic.ttf in Resources */,
				FCF8260527BFEC5E006382E1 /* GoogleService-Info.plist in Resources */,
				FCF8260E27BFEC5E006382E1 /* Gilroy-BlackItalic.ttf in Resources */,
				FCF825F927BFEC5E006382E1 /* ProductsTableViewCell.xib in Resources */,
				FCCF65B227CCBAC000939E71 /* response.json in Resources */,
				FCABE18B27C8DD6A0074DD07 /* SearchResultsCell.xib in Resources */,
				FCF825F727BFEC5E006382E1 /* SliderViewCell.xib in Resources */,
				FCF825D827BFEC5E006382E1 /* product-preloader-animation.json in Resources */,
				FCECFED527C77E2A00DF483E /* NewsVCCell.xib in Resources */,
				FCF825FE27BFEC5E006382E1 /* MainShopVC.xib in Resources */,
				FCF825E027BFEC5E006382E1 /* AuthVC.xib in Resources */,
				FCF825ED27BFEC5E006382E1 /* ProductVC.xib in Resources */,
				FCF825EE27BFEC5E006382E1 /* ProductVCCell.xib in Resources */,
				FCF8260A27BFEC5E006382E1 /* Gilroy-HeavyItalic.ttf in Resources */,
				FCF825D527BFEC5E006382E1 /* bubbles.json in Resources */,
				FCF825DB27BFEC5E006382E1 /* product-preloade-r-animation.json in Resources */,
				FCABE1A327C90BE30074DD07 /* ArticleVCCell.xib in Resources */,
				FCF8261727BFEC5E006382E1 /* Gilroy-Semibold.ttf in Resources */,
				FCF825E327BFEC5E006382E1 /* CartVC.xib in Resources */,
				FCF825F227BFEC5E006382E1 /* ImageCollectionCell.xib in Resources */,
				FCABE19D27C90B4C0074DD07 /* ArticleVC.xib in Resources */,
			);
			runOnlyForDeploymentPostprocessing = 0;
		};
/* End PBXResourcesBuildPhase section */

/* Begin PBXShellScriptBuildPhase section */
		7A17CF366A50A8529ACF7B91 /* [CP] Check Pods Manifest.lock */ = {
			isa = PBXShellScriptBuildPhase;
			buildActionMask = 2147483647;
			files = (
			);
			inputFileListPaths = (
			);
			inputPaths = (
				"${PODS_PODFILE_DIR_PATH}/Podfile.lock",
				"${PODS_ROOT}/Manifest.lock",
			);
			name = "[CP] Check Pods Manifest.lock";
			outputFileListPaths = (
			);
			outputPaths = (
				"$(DERIVED_FILE_DIR)/Pods-Project_v6-checkManifestLockResult.txt",
			);
			runOnlyForDeploymentPostprocessing = 0;
			shellPath = /bin/sh;
			shellScript = "diff \"${PODS_PODFILE_DIR_PATH}/Podfile.lock\" \"${PODS_ROOT}/Manifest.lock\" > /dev/null\nif [ $? != 0 ] ; then\n    # print error to STDERR\n    echo \"error: The sandbox is not in sync with the Podfile.lock. Run 'pod install' or update your CocoaPods installation.\" >&2\n    exit 1\nfi\n# This output is used by Xcode 'outputs' to avoid re-running this script phase.\necho \"SUCCESS\" > \"${SCRIPT_OUTPUT_FILE_0}\"\n";
			showEnvVarsInLog = 0;
		};
		D36AB8C2E4BF47D32764D531 /* [CP] Embed Pods Frameworks */ = {
			isa = PBXShellScriptBuildPhase;
			buildActionMask = 2147483647;
			files = (
			);
			inputFileListPaths = (
				"${PODS_ROOT}/Target Support Files/Pods-Project_v6/Pods-Project_v6-frameworks-${CONFIGURATION}-input-files.xcfilelist",
			);
			name = "[CP] Embed Pods Frameworks";
			outputFileListPaths = (
				"${PODS_ROOT}/Target Support Files/Pods-Project_v6/Pods-Project_v6-frameworks-${CONFIGURATION}-output-files.xcfilelist",
			);
			runOnlyForDeploymentPostprocessing = 0;
			shellPath = /bin/sh;
			shellScript = "\"${PODS_ROOT}/Target Support Files/Pods-Project_v6/Pods-Project_v6-frameworks.sh\"\n";
			showEnvVarsInLog = 0;
		};
/* End PBXShellScriptBuildPhase section */

/* Begin PBXSourcesBuildPhase section */
		FCF8255727BFEBB5006382E1 /* Sources */ = {
			isa = PBXSourcesBuildPhase;
			buildActionMask = 2147483647;
			files = (
				FCF825E627BFEC5E006382E1 /* NewsVC.swift in Sources */,
				FCF825FD27BFEC5E006382E1 /* ProductsCollectionViewCell.swift in Sources */,
				FC7A507927C2C5E700FE1A0A /* SearchVCViewModel.swift in Sources */,
				FCF825FA27BFEC5E006382E1 /* ProductsTableViewCell.swift in Sources */,
				FCF825F327BFEC5E006382E1 /* ProductVCViewModel.swift in Sources */,
				FC93E36427C2C31900EFC1BE /* SearchVC.swift in Sources */,
				FC2FD3B227CE23430068EA87 /* ImageDB+CoreDataProperties.swift in Sources */,
				FCF825E127BFEC5E006382E1 /* AuthVCNavigationController.swift in Sources */,
				FC2FD3BB27CE23430068EA87 /* ShoppingCart+CoreDataClass.swift in Sources */,
				FCF8261B27BFEC5E006382E1 /* ProductsNetworkService.swift in Sources */,
				FCF8260027BFEC5E006382E1 /* VC+loadFromNib.swift in Sources */,
				FCF8260427BFEC5E006382E1 /* UICollection, UITable + regiterCell.swift in Sources */,
				FCF8260127BFEC5E006382E1 /* UIImageView+LoadFromURL.swift in Sources */,
				FC663F0927C675CF00E12D46 /* CartVCCellViewModel.swift in Sources */,
				FC2FD3D227CF48320068EA87 /* ImageCacheService.swift in Sources */,
				FCF825E727BFEC5E006382E1 /* TabBar.swift in Sources */,
				FCF825F527BFEC5E006382E1 /* MainShopViewModel.swift in Sources */,
				FCF8261D27BFEC5F006382E1 /* Validator.swift in Sources */,
				FCF825F127BFEC5E006382E1 /* ImageCollectionCell.swift in Sources */,
				FCF825F427BFEC5E006382E1 /* ProductVC.swift in Sources */,
				FC2FD3BA27CE23430068EA87 /* SearchResult+CoreDataClass.swift in Sources */,
				FCECFED027C77C7400DF483E /* NewsVCViewModel.swift in Sources */,
				FC2FD3B427CE23430068EA87 /* ProductDB+CoreDataClass.swift in Sources */,
				FCABE19927C908150074DD07 /* String+id.swift in Sources */,
				FC2FD3B727CE23430068EA87 /* SearchResult+CoreDataProperties.swift in Sources */,
				FCF8261C27BFEC5E006382E1 /* FileManagerService.swift in Sources */,
				FCF8256927BFEBB5006382E1 /* Project_v6.xcdatamodeld in Sources */,
				FCF825F827BFEC5E006382E1 /* MainShopVC.swift in Sources */,
				FCF825F627BFEC5E006382E1 /* SliderViewCell.swift in Sources */,
				FC2FD3B627CE23430068EA87 /* ImageDB+CoreDataClass.swift in Sources */,
				FC663F0D27C7665000E12D46 /* News.swift in Sources */,
				FCF825DC27BFEC5E006382E1 /* AppDelegate.swift in Sources */,
				FC2FD3D527CF49290068EA87 /* DownloadImageView.swift in Sources */,
				FCABE19C27C90B4C0074DD07 /* ArticleVC.swift in Sources */,
				FC2FD3B827CE23430068EA87 /* ArticleDB+CoreDataClass.swift in Sources */,
				FCCF65B927CCCC7800939E71 /* AccountVCViewModel.swift in Sources */,
				FCABE18A27C8DD6A0074DD07 /* SearchResultsCell.swift in Sources */,
				FC1C09E627C3CF3F00AA24B9 /* CartVCCell.swift in Sources */,
				FCF8261A27BFEC5E006382E1 /* CoreDataService.swift in Sources */,
				FCF825EA27BFEC5E006382E1 /* AccountVC.swift in Sources */,
				FC381DCF27C4C39C007D3A9C /* CartVCViewModel.swift in Sources */,
				FC663F0B27C765DE00E12D46 /* NewsNetworkService.swift in Sources */,
				FCECFED427C77E2A00DF483E /* NewsVCCell.swift in Sources */,
				FCF825DF27BFEC5E006382E1 /* AuthViewModel.swift in Sources */,
				FC42067827C7B5F300735B02 /* FooterCartVC.swift in Sources */,
				FC7A507527C2C49800FE1A0A /* SerachCell.swift in Sources */,
				FCF825EF27BFEC5E006382E1 /* ProductVCCell.swift in Sources */,
				FCF8260227BFEC5E006382E1 /* UIViewController+HideKeyboardOnTouchOutside.swift in Sources */,
				FC2FD3B527CE23430068EA87 /* ProductDB+CoreDataProperties.swift in Sources */,
				FC2FD3B327CE23430068EA87 /* ArticleDB+CoreDataProperties.swift in Sources */,
				FCF825DE27BFEC5E006382E1 /* AuthVC.swift in Sources */,
				FCF8261E27BFEC5F006382E1 /* Product.swift in Sources */,
				FCF8260327BFEC5E006382E1 /* UIButton+RoundCorners.swift in Sources */,
				FC2FD3B927CE23430068EA87 /* ShoppingCart+CoreDataProperties.swift in Sources */,
				FCF825FB27BFEC5E006382E1 /* ProductsTableViewCellViewModel.swift in Sources */,
				FCF825EB27BFEC5E006382E1 /* StartVC.swift in Sources */,
				FCABE1A527C90CF70074DD07 /* ArticleVCViewModel.swift in Sources */,
				FCF825F027BFEC5E006382E1 /* ProductVCCellViewModel.swift in Sources */,
				FCF825E427BFEC5E006382E1 /* CartVC.swift in Sources */,
				FCABE1A227C90BE30074DD07 /* ArticleVCCell.swift in Sources */,
				FCF825DD27BFEC5E006382E1 /* SceneDelegate.swift in Sources */,
			);
			runOnlyForDeploymentPostprocessing = 0;
		};
/* End PBXSourcesBuildPhase section */

/* Begin PBXVariantGroup section */
		FCF8256C27BFEBB6006382E1 /* LaunchScreen.storyboard */ = {
			isa = PBXVariantGroup;
			children = (
				FCF8256D27BFEBB6006382E1 /* Base */,
			);
			name = LaunchScreen.storyboard;
			sourceTree = "<group>";
		};
/* End PBXVariantGroup section */

/* Begin XCBuildConfiguration section */
		FCF8257027BFEBB6006382E1 /* Debug */ = {
			isa = XCBuildConfiguration;
			buildSettings = {
				ALWAYS_SEARCH_USER_PATHS = NO;
				CLANG_ANALYZER_NONNULL = YES;
				CLANG_ANALYZER_NUMBER_OBJECT_CONVERSION = YES_AGGRESSIVE;
				CLANG_CXX_LANGUAGE_STANDARD = "gnu++17";
				CLANG_CXX_LIBRARY = "libc++";
				CLANG_ENABLE_MODULES = YES;
				CLANG_ENABLE_OBJC_ARC = YES;
				CLANG_ENABLE_OBJC_WEAK = YES;
				CLANG_WARN_BLOCK_CAPTURE_AUTORELEASING = YES;
				CLANG_WARN_BOOL_CONVERSION = YES;
				CLANG_WARN_COMMA = YES;
				CLANG_WARN_CONSTANT_CONVERSION = YES;
				CLANG_WARN_DEPRECATED_OBJC_IMPLEMENTATIONS = YES;
				CLANG_WARN_DIRECT_OBJC_ISA_USAGE = YES_ERROR;
				CLANG_WARN_DOCUMENTATION_COMMENTS = YES;
				CLANG_WARN_EMPTY_BODY = YES;
				CLANG_WARN_ENUM_CONVERSION = YES;
				CLANG_WARN_INFINITE_RECURSION = YES;
				CLANG_WARN_INT_CONVERSION = YES;
				CLANG_WARN_NON_LITERAL_NULL_CONVERSION = YES;
				CLANG_WARN_OBJC_IMPLICIT_RETAIN_SELF = YES;
				CLANG_WARN_OBJC_LITERAL_CONVERSION = YES;
				CLANG_WARN_OBJC_ROOT_CLASS = YES_ERROR;
				CLANG_WARN_QUOTED_INCLUDE_IN_FRAMEWORK_HEADER = YES;
				CLANG_WARN_RANGE_LOOP_ANALYSIS = YES;
				CLANG_WARN_STRICT_PROTOTYPES = YES;
				CLANG_WARN_SUSPICIOUS_MOVE = YES;
				CLANG_WARN_UNGUARDED_AVAILABILITY = YES_AGGRESSIVE;
				CLANG_WARN_UNREACHABLE_CODE = YES;
				CLANG_WARN__DUPLICATE_METHOD_MATCH = YES;
				COPY_PHASE_STRIP = NO;
				DEBUG_INFORMATION_FORMAT = dwarf;
				ENABLE_STRICT_OBJC_MSGSEND = YES;
				ENABLE_TESTABILITY = YES;
				GCC_C_LANGUAGE_STANDARD = gnu11;
				GCC_DYNAMIC_NO_PIC = NO;
				GCC_NO_COMMON_BLOCKS = YES;
				GCC_OPTIMIZATION_LEVEL = 0;
				GCC_PREPROCESSOR_DEFINITIONS = (
					"DEBUG=1",
					"$(inherited)",
				);
				GCC_WARN_64_TO_32_BIT_CONVERSION = YES;
				GCC_WARN_ABOUT_RETURN_TYPE = YES_ERROR;
				GCC_WARN_UNDECLARED_SELECTOR = YES;
				GCC_WARN_UNINITIALIZED_AUTOS = YES_AGGRESSIVE;
				GCC_WARN_UNUSED_FUNCTION = YES;
				GCC_WARN_UNUSED_VARIABLE = YES;
				IPHONEOS_DEPLOYMENT_TARGET = 15.2;
				MTL_ENABLE_DEBUG_INFO = INCLUDE_SOURCE;
				MTL_FAST_MATH = YES;
				ONLY_ACTIVE_ARCH = YES;
				SDKROOT = iphoneos;
				SWIFT_ACTIVE_COMPILATION_CONDITIONS = DEBUG;
				SWIFT_OPTIMIZATION_LEVEL = "-Onone";
			};
			name = Debug;
		};
		FCF8257127BFEBB6006382E1 /* Release */ = {
			isa = XCBuildConfiguration;
			buildSettings = {
				ALWAYS_SEARCH_USER_PATHS = NO;
				CLANG_ANALYZER_NONNULL = YES;
				CLANG_ANALYZER_NUMBER_OBJECT_CONVERSION = YES_AGGRESSIVE;
				CLANG_CXX_LANGUAGE_STANDARD = "gnu++17";
				CLANG_CXX_LIBRARY = "libc++";
				CLANG_ENABLE_MODULES = YES;
				CLANG_ENABLE_OBJC_ARC = YES;
				CLANG_ENABLE_OBJC_WEAK = YES;
				CLANG_WARN_BLOCK_CAPTURE_AUTORELEASING = YES;
				CLANG_WARN_BOOL_CONVERSION = YES;
				CLANG_WARN_COMMA = YES;
				CLANG_WARN_CONSTANT_CONVERSION = YES;
				CLANG_WARN_DEPRECATED_OBJC_IMPLEMENTATIONS = YES;
				CLANG_WARN_DIRECT_OBJC_ISA_USAGE = YES_ERROR;
				CLANG_WARN_DOCUMENTATION_COMMENTS = YES;
				CLANG_WARN_EMPTY_BODY = YES;
				CLANG_WARN_ENUM_CONVERSION = YES;
				CLANG_WARN_INFINITE_RECURSION = YES;
				CLANG_WARN_INT_CONVERSION = YES;
				CLANG_WARN_NON_LITERAL_NULL_CONVERSION = YES;
				CLANG_WARN_OBJC_IMPLICIT_RETAIN_SELF = YES;
				CLANG_WARN_OBJC_LITERAL_CONVERSION = YES;
				CLANG_WARN_OBJC_ROOT_CLASS = YES_ERROR;
				CLANG_WARN_QUOTED_INCLUDE_IN_FRAMEWORK_HEADER = YES;
				CLANG_WARN_RANGE_LOOP_ANALYSIS = YES;
				CLANG_WARN_STRICT_PROTOTYPES = YES;
				CLANG_WARN_SUSPICIOUS_MOVE = YES;
				CLANG_WARN_UNGUARDED_AVAILABILITY = YES_AGGRESSIVE;
				CLANG_WARN_UNREACHABLE_CODE = YES;
				CLANG_WARN__DUPLICATE_METHOD_MATCH = YES;
				COPY_PHASE_STRIP = NO;
				DEBUG_INFORMATION_FORMAT = "dwarf-with-dsym";
				ENABLE_NS_ASSERTIONS = NO;
				ENABLE_STRICT_OBJC_MSGSEND = YES;
				GCC_C_LANGUAGE_STANDARD = gnu11;
				GCC_NO_COMMON_BLOCKS = YES;
				GCC_WARN_64_TO_32_BIT_CONVERSION = YES;
				GCC_WARN_ABOUT_RETURN_TYPE = YES_ERROR;
				GCC_WARN_UNDECLARED_SELECTOR = YES;
				GCC_WARN_UNINITIALIZED_AUTOS = YES_AGGRESSIVE;
				GCC_WARN_UNUSED_FUNCTION = YES;
				GCC_WARN_UNUSED_VARIABLE = YES;
				IPHONEOS_DEPLOYMENT_TARGET = 15.2;
				MTL_ENABLE_DEBUG_INFO = NO;
				MTL_FAST_MATH = YES;
				SDKROOT = iphoneos;
				SWIFT_COMPILATION_MODE = wholemodule;
				SWIFT_OPTIMIZATION_LEVEL = "-O";
				VALIDATE_PRODUCT = YES;
			};
			name = Release;
		};
		FCF8257327BFEBB6006382E1 /* Debug */ = {
			isa = XCBuildConfiguration;
			baseConfigurationReference = 0961F88D184AC57FC9D63D5E /* Pods-Project_v6.debug.xcconfig */;
			buildSettings = {
				ASSETCATALOG_COMPILER_APPICON_NAME = AppIcon;
				ASSETCATALOG_COMPILER_GLOBAL_ACCENT_COLOR_NAME = AccentColor;
				CODE_SIGN_STYLE = Automatic;
				CURRENT_PROJECT_VERSION = 1;
				DEVELOPMENT_TEAM = 8KR4469N72;
				GENERATE_INFOPLIST_FILE = YES;
				INFOPLIST_FILE = Project_v6/Info.plist;
				INFOPLIST_KEY_UIApplicationSupportsIndirectInputEvents = YES;
				INFOPLIST_KEY_UILaunchStoryboardName = LaunchScreen;
				INFOPLIST_KEY_UISupportedInterfaceOrientations_iPad = "UIInterfaceOrientationPortrait UIInterfaceOrientationPortraitUpsideDown UIInterfaceOrientationLandscapeLeft UIInterfaceOrientationLandscapeRight";
				INFOPLIST_KEY_UISupportedInterfaceOrientations_iPhone = "UIInterfaceOrientationPortrait UIInterfaceOrientationLandscapeLeft UIInterfaceOrientationLandscapeRight";
				LD_RUNPATH_SEARCH_PATHS = (
					"$(inherited)",
					"@executable_path/Frameworks",
				);
				MARKETING_VERSION = 1.0;
				PRODUCT_BUNDLE_IDENTIFIER = "K-VKO.Project-v6";
				PRODUCT_NAME = "$(TARGET_NAME)";
				SWIFT_EMIT_LOC_STRINGS = YES;
				SWIFT_VERSION = 5.0;
				TARGETED_DEVICE_FAMILY = "1,2";
			};
			name = Debug;
		};
		FCF8257427BFEBB6006382E1 /* Release */ = {
			isa = XCBuildConfiguration;
			baseConfigurationReference = 798825AAEBD2E1F5BA964B6B /* Pods-Project_v6.release.xcconfig */;
			buildSettings = {
				ASSETCATALOG_COMPILER_APPICON_NAME = AppIcon;
				ASSETCATALOG_COMPILER_GLOBAL_ACCENT_COLOR_NAME = AccentColor;
				CODE_SIGN_STYLE = Automatic;
				CURRENT_PROJECT_VERSION = 1;
				DEVELOPMENT_TEAM = 8KR4469N72;
				GENERATE_INFOPLIST_FILE = YES;
				INFOPLIST_FILE = Project_v6/Info.plist;
				INFOPLIST_KEY_UIApplicationSupportsIndirectInputEvents = YES;
				INFOPLIST_KEY_UILaunchStoryboardName = LaunchScreen;
				INFOPLIST_KEY_UISupportedInterfaceOrientations_iPad = "UIInterfaceOrientationPortrait UIInterfaceOrientationPortraitUpsideDown UIInterfaceOrientationLandscapeLeft UIInterfaceOrientationLandscapeRight";
				INFOPLIST_KEY_UISupportedInterfaceOrientations_iPhone = "UIInterfaceOrientationPortrait UIInterfaceOrientationLandscapeLeft UIInterfaceOrientationLandscapeRight";
				LD_RUNPATH_SEARCH_PATHS = (
					"$(inherited)",
					"@executable_path/Frameworks",
				);
				MARKETING_VERSION = 1.0;
				PRODUCT_BUNDLE_IDENTIFIER = "K-VKO.Project-v6";
				PRODUCT_NAME = "$(TARGET_NAME)";
				SWIFT_EMIT_LOC_STRINGS = YES;
				SWIFT_VERSION = 5.0;
				TARGETED_DEVICE_FAMILY = "1,2";
			};
			name = Release;
		};
/* End XCBuildConfiguration section */

/* Begin XCConfigurationList section */
		FCF8255627BFEBB5006382E1 /* Build configuration list for PBXProject "Project_v6" */ = {
			isa = XCConfigurationList;
			buildConfigurations = (
				FCF8257027BFEBB6006382E1 /* Debug */,
				FCF8257127BFEBB6006382E1 /* Release */,
			);
			defaultConfigurationIsVisible = 0;
			defaultConfigurationName = Release;
		};
		FCF8257227BFEBB6006382E1 /* Build configuration list for PBXNativeTarget "Project_v6" */ = {
			isa = XCConfigurationList;
			buildConfigurations = (
				FCF8257327BFEBB6006382E1 /* Debug */,
				FCF8257427BFEBB6006382E1 /* Release */,
			);
			defaultConfigurationIsVisible = 0;
			defaultConfigurationName = Release;
		};
/* End XCConfigurationList section */

/* Begin XCVersionGroup section */
		FCF8256727BFEBB5006382E1 /* Project_v6.xcdatamodeld */ = {
			isa = XCVersionGroup;
			children = (
				FCF8256827BFEBB5006382E1 /* Project_v6.xcdatamodel */,
			);
			currentVersion = FCF8256827BFEBB5006382E1 /* Project_v6.xcdatamodel */;
			path = Project_v6.xcdatamodeld;
			sourceTree = "<group>";
			versionGroupType = wrapper.xcdatamodel;
		};
/* End XCVersionGroup section */
	};
	rootObject = FCF8255327BFEBB5006382E1 /* Project object */;
}
